
Microsoft Visual Studio Solution File, Format Version 12.00
# Visual Studio Version 16
VisualStudioVersion = 16.0.31129.286
MinimumVisualStudioVersion = 10.0.40219.1
Project("{2150E333-8FDC-42A3-9474-1A3956D46DE8}") = "Apps", "Apps", "{170FA224-E079-4FA4-A4E0-B8BF24351DF6}"
EndProject
Project("{2150E333-8FDC-42A3-9474-1A3956D46DE8}") = "DataAcces", "DataAcces", "{9190C7EA-FB34-451B-AA8C-A0880BCE83CE}"
EndProject
Project("{2150E333-8FDC-42A3-9474-1A3956D46DE8}") = "Core", "Core", "{CDA507B9-9AFD-44B1-BCC0-21B5034FFD50}"
EndProject
Project("{FAE04EC0-301F-11D3-BF4B-00C04F79EFBC}") = "DALEventos", "Resources\Apps\DataAcces\DALCortador\DALEventos.csproj", "{6D5B4BB2-16BF-4751-B45B-6B0FCA77C525}"
EndProject
Project("{FAE04EC0-301F-11D3-BF4B-00C04F79EFBC}") = "DALPuntoVentaWeb", "Resources\Apps\DataAcces\DALPuntoVentaWeb\DALPuntoVentaWeb.csproj", "{6A7CB9B7-25F5-4993-8190-F5D2F163FBB2}"
EndProject
Project("{FAE04EC0-301F-11D3-BF4B-00C04F79EFBC}") = "CentralAdministrativa", "CentralAdministrativa\Core\CentralAdministrativa.csproj", "{A1627593-0FA3-458C-8D6D-C7E50F549588}"
EndProject
Project("{FAE04EC0-301F-11D3-BF4B-00C04F79EFBC}") = "Eventos", "CentralAdministrativa\Core\Apps\Cortador\Eventos.csproj", "{56255C7B-8ECA-438D-A178-B2F5FE4634C8}"
EndProject
Project("{FAE04EC0-301F-11D3-BF4B-00C04F79EFBC}") = "Empresarial", "CentralAdministrativa\Core\Apps\Empresarial\Empresarial.csproj", "{9C6A9882-0FC6-408B-906C-52C9A25F649C}"
EndProject
Project("{FAE04EC0-301F-11D3-BF4B-00C04F79EFBC}") = "Usuarios", "CentralAdministrativa\Core\Apps\Usuarios\Usuarios.csproj", "{29DD6C19-30F7-4082-BCFC-7EED7DCFCB06}"
EndProject
Project("{FAE04EC0-301F-11D3-BF4B-00C04F79EFBC}") = "PuntoVenta", "CentralAdministrativa\Core\Apps\PuntoVenta\PuntoVenta.csproj", "{9431475E-C0E2-44B1-A84F-612C40B76F4D}"
EndProject
Project("{FAE04EC0-301F-11D3-BF4B-00C04F79EFBC}") = "Administracion", "CentralAdministrativa\Core\Apps\Administracion\Administracion.csproj", "{2A236469-A455-4BD6-8927-527F06463900}"
EndProject
Project("{FAE04EC0-301F-11D3-BF4B-00C04F79EFBC}") = "DALAdministracion", "Resources\Apps\DataAcces\DALAdministracion\DALAdministracion.csproj", "{7BFC3F74-7753-4FBE-B315-C0A15390C298}"
EndProject
Project("{FAE04EC0-301F-11D3-BF4B-00C04F79EFBC}") = "WebServices", "Resources\Plugins\WebServices\WebServices.csproj", "{CAADE002-4A8D-43D9-B049-125DD09B5824}"
EndProject
Project("{FAE04EC0-301F-11D3-BF4B-00C04F79EFBC}") = "Autenticacion", "Resources\Plugins\Autenticacion\Autenticacion.csproj", "{AA0BAA03-067D-4B5D-9996-F7868EFA6097}"
EndProject
Project("{FAE04EC0-301F-11D3-BF4B-00C04F79EFBC}") = "PreAutorizador", "CentralAdministrativa\Core\Apps\PreAutorizador\PreAutorizador.csproj", "{752D5869-CC12-4CC0-A2B0-DA194F12CCD1}"
EndProject
Project("{FAE04EC0-301F-11D3-BF4B-00C04F79EFBC}") = "DALOperacionesEvertec", "Resources\Apps\DataAcces\DALOperacionesEvertec\DALOperacionesEvertec.csproj", "{1A949C1F-C09C-46AB-AAE8-FA0BB6E90342}"
EndProject
Project("{2150E333-8FDC-42A3-9474-1A3956D46DE8}") = "Plugins", "Plugins", "{4F1842F3-924C-4D92-BE79-F57FF9CFEFBF}"
EndProject
Project("{FAE04EC0-301F-11D3-BF4B-00C04F79EFBC}") = "Utilerias", "Resources\Plugins\Utilerias\Utilerias.csproj", "{57F9253C-B4B7-45AC-BC3B-0E1F133A1DEC}"
EndProject
Project("{FAE04EC0-301F-11D3-BF4B-00C04F79EFBC}") = "Facturas", "CentralAdministrativa\Core\Apps\Facturas\Facturas.csproj", "{97D216D6-5E34-4031-A542-A761F2FE5172}"
EndProject
Project("{FAE04EC0-301F-11D3-BF4B-00C04F79EFBC}") = "Aclaraciones", "CentralAdministrativa\Core\Apps\Aclaraciones\Aclaraciones.csproj", "{077F5A43-5D47-4AC2-B667-4F697142BF06}"
EndProject
Project("{FAE04EC0-301F-11D3-BF4B-00C04F79EFBC}") = "Cajero", "CentralAdministrativa\Core\Apps\Cajero\Cajero.csproj", "{E24CBA8D-4D89-4061-B224-C57F9D7D976E}"
EndProject
Project("{FAE04EC0-301F-11D3-BF4B-00C04F79EFBC}") = "CentralMovil", "CentralAdministrativa\Core\Apps\CentralMovil\CentralMovil.csproj", "{BD4DDF2B-7BEA-495C-92F0-21ADFE357CFF}"
EndProject
Project("{FAE04EC0-301F-11D3-BF4B-00C04F79EFBC}") = "Certificados", "CentralAdministrativa\Core\Apps\Certificados\Certificados.csproj", "{AE724576-72B1-480E-8A90-D5132DAC4010}"
EndProject
Project("{FAE04EC0-301F-11D3-BF4B-00C04F79EFBC}") = "ClubEscala", "CentralAdministrativa\Core\Apps\ClubEscala\ClubEscala.csproj", "{E25FF06F-BFCA-4E29-A74F-FC1F33213B78}"
EndProject
Project("{FAE04EC0-301F-11D3-BF4B-00C04F79EFBC}") = "ComercioElectronico", "CentralAdministrativa\Core\Apps\ComercioElectronico\ComercioElectronico.csproj", "{9775B840-1671-421B-9879-9CC1165EC78D}"
EndProject
Project("{FAE04EC0-301F-11D3-BF4B-00C04F79EFBC}") = "Lealtad", "CentralAdministrativa\Core\Apps\Lealtad\Lealtad.csproj", "{F9871ABE-D88B-457C-91A5-4448E965B325}"
EndProject
Project("{FAE04EC0-301F-11D3-BF4B-00C04F79EFBC}") = "CentroContacto", "CentralAdministrativa\Core\Apps\Loyalty\CentroContacto.csproj", "{81E18447-EA66-4F16-8A51-768A0EC10B8B}"
EndProject
Project("{FAE04EC0-301F-11D3-BF4B-00C04F79EFBC}") = "OperadoraWeb", "CentralAdministrativa\Core\Apps\OperadoraWeb\OperadoraWeb.csproj", "{5490CA79-544A-4A4A-AF49-5119C36CDC12}"
EndProject
Project("{FAE04EC0-301F-11D3-BF4B-00C04F79EFBC}") = "ValidacionesBatch", "CentralAdministrativa\Core\Apps\ValidacionesBatch\ValidacionesBatch.csproj", "{0E70DB64-FBDF-4A4C-916D-9F2F1B9348B1}"
EndProject
Project("{FAE04EC0-301F-11D3-BF4B-00C04F79EFBC}") = "DALAclaraciones", "Resources\Apps\DataAcces\DALAclaraciones\DALAclaraciones.csproj", "{E1215B56-3E03-4F08-BB39-F584D7017178}"
EndProject
Project("{FAE04EC0-301F-11D3-BF4B-00C04F79EFBC}") = "DALCajero", "Resources\Apps\DataAcces\DALCajero\DALCajero.csproj", "{E5191932-C81B-42DB-B2DB-425E69EF2423}"
EndProject
Project("{FAE04EC0-301F-11D3-BF4B-00C04F79EFBC}") = "DALCentralMovil", "Resources\Apps\DataAcces\DALCentralMovil\DALCentralMovil.csproj", "{27DEE217-EF0B-4B88-8213-E2F600BF258C}"
EndProject
Project("{FAE04EC0-301F-11D3-BF4B-00C04F79EFBC}") = "DALCertificados", "Resources\Apps\DataAcces\DALCertificados\DALCertificados.csproj", "{3DF2A6A8-B309-44DB-B466-520D4AA22E8A}"
EndProject
Project("{FAE04EC0-301F-11D3-BF4B-00C04F79EFBC}") = "DALClubEscala", "Resources\Apps\DataAcces\DALClubEscala\DALClubEscala.csproj", "{AE78F671-0B99-479D-87ED-1D3E7AF73038}"
EndProject
Project("{FAE04EC0-301F-11D3-BF4B-00C04F79EFBC}") = "DALComercioElectronico", "Resources\Apps\DataAcces\DALComercioElectronico\DALComercioElectronico.csproj", "{C2491DC1-92B4-446C-A960-748A87BA0AD3}"
EndProject
Project("{FAE04EC0-301F-11D3-BF4B-00C04F79EFBC}") = "DALLealtad", "Resources\Apps\DataAcces\DALLealtad\DALLealtad.csproj", "{00F2B827-EFA0-436E-B324-601F51D392AC}"
EndProject
Project("{FAE04EC0-301F-11D3-BF4B-00C04F79EFBC}") = "DALCentroContacto", "Resources\Apps\DataAcces\DALLoyalty\DALCentroContacto.csproj", "{2E314CA6-F34E-4EC9-97D4-C7B06961A33B}"
EndProject
Project("{FAE04EC0-301F-11D3-BF4B-00C04F79EFBC}") = "DALOperadoraWeb", "Resources\Apps\DataAcces\DALOperadoraTAE\DALOperadoraWeb.csproj", "{4CC31E3D-5FA9-46CA-82E9-0B62B8EF7FC6}"
EndProject
Project("{FAE04EC0-301F-11D3-BF4B-00C04F79EFBC}") = "DALValidacionesBatchPPF", "Resources\Apps\DataAcces\DALValidacionesBatchPPF\DALValidacionesBatchPPF.csproj", "{D622CEAC-7AB8-41B1-B804-36CE0E1AAE0A}"
EndProject
Project("{FAE04EC0-301F-11D3-BF4B-00C04F79EFBC}") = "OperacionesEvertec", "CentralAdministrativa\Core\Apps\OperacionesEvertec\OperacionesEvertec.csproj", "{FC719A5D-2E09-424A-9320-CD101D6BD040}"
EndProject
Project("{FAE04EC0-301F-11D3-BF4B-00C04F79EFBC}") = "BovedaTarjetas", "CentralAdministrativa\Core\Apps\BovedaTarjetas\BovedaTarjetas.csproj", "{D361EB19-72F4-4C87-8EF1-197FC2230B74}"
EndProject
Project("{FAE04EC0-301F-11D3-BF4B-00C04F79EFBC}") = "DALBovedaTarjetas", "Resources\Apps\DataAcces\DALBovedaTarjetas\DALBovedaTarjetas.csproj", "{449FADD5-0C25-4C48-8316-C182E86B0052}"
EndProject
Project("{FAE04EC0-301F-11D3-BF4B-00C04F79EFBC}") = "Monitoreo", "CentralAdministrativa\Core\Apps\Monitoreo\Monitoreo.csproj", "{DD159A93-45F9-4A32-BB1B-7D2345CCD514}"
EndProject
Project("{FAE04EC0-301F-11D3-BF4B-00C04F79EFBC}") = "DALMonitoreo", "Resources\Apps\DataAcces\DALMonitoreo\DALMonitoreo.csproj", "{58559956-FB03-4A80-8974-DB64CF8C7080}"
EndProject
Global
	GlobalSection(SolutionConfigurationPlatforms) = preSolution
		Debug|Any CPU = Debug|Any CPU
		Debug|Mixed Platforms = Debug|Mixed Platforms
		Debug|x86 = Debug|x86
		Release|Any CPU = Release|Any CPU
		Release|Mixed Platforms = Release|Mixed Platforms
		Release|x86 = Release|x86
		Ultimo|Any CPU = Ultimo|Any CPU
		Ultimo|Mixed Platforms = Ultimo|Mixed Platforms
		Ultimo|x86 = Ultimo|x86
	EndGlobalSection
	GlobalSection(ProjectConfigurationPlatforms) = postSolution
		{6D5B4BB2-16BF-4751-B45B-6B0FCA77C525}.Debug|Any CPU.ActiveCfg = Debug|Any CPU
		{6D5B4BB2-16BF-4751-B45B-6B0FCA77C525}.Debug|Any CPU.Build.0 = Debug|Any CPU
		{6D5B4BB2-16BF-4751-B45B-6B0FCA77C525}.Debug|Mixed Platforms.ActiveCfg = Debug|Any CPU
		{6D5B4BB2-16BF-4751-B45B-6B0FCA77C525}.Debug|Mixed Platforms.Build.0 = Debug|Any CPU
		{6D5B4BB2-16BF-4751-B45B-6B0FCA77C525}.Debug|x86.ActiveCfg = Debug|Any CPU
		{6D5B4BB2-16BF-4751-B45B-6B0FCA77C525}.Release|Any CPU.ActiveCfg = Release|Any CPU
		{6D5B4BB2-16BF-4751-B45B-6B0FCA77C525}.Release|Any CPU.Build.0 = Release|Any CPU
		{6D5B4BB2-16BF-4751-B45B-6B0FCA77C525}.Release|Mixed Platforms.ActiveCfg = Release|Any CPU
		{6D5B4BB2-16BF-4751-B45B-6B0FCA77C525}.Release|Mixed Platforms.Build.0 = Release|Any CPU
		{6D5B4BB2-16BF-4751-B45B-6B0FCA77C525}.Release|x86.ActiveCfg = Release|Any CPU
		{6D5B4BB2-16BF-4751-B45B-6B0FCA77C525}.Ultimo|Any CPU.ActiveCfg = Release|Any CPU
		{6D5B4BB2-16BF-4751-B45B-6B0FCA77C525}.Ultimo|Any CPU.Build.0 = Release|Any CPU
		{6D5B4BB2-16BF-4751-B45B-6B0FCA77C525}.Ultimo|Mixed Platforms.ActiveCfg = Release|Any CPU
		{6D5B4BB2-16BF-4751-B45B-6B0FCA77C525}.Ultimo|Mixed Platforms.Build.0 = Release|Any CPU
		{6D5B4BB2-16BF-4751-B45B-6B0FCA77C525}.Ultimo|x86.ActiveCfg = Release|Any CPU
		{6A7CB9B7-25F5-4993-8190-F5D2F163FBB2}.Debug|Any CPU.ActiveCfg = Debug|Any CPU
		{6A7CB9B7-25F5-4993-8190-F5D2F163FBB2}.Debug|Any CPU.Build.0 = Debug|Any CPU
		{6A7CB9B7-25F5-4993-8190-F5D2F163FBB2}.Debug|Mixed Platforms.ActiveCfg = Debug|Any CPU
		{6A7CB9B7-25F5-4993-8190-F5D2F163FBB2}.Debug|Mixed Platforms.Build.0 = Debug|Any CPU
		{6A7CB9B7-25F5-4993-8190-F5D2F163FBB2}.Debug|x86.ActiveCfg = Debug|Any CPU
		{6A7CB9B7-25F5-4993-8190-F5D2F163FBB2}.Release|Any CPU.ActiveCfg = Release|Any CPU
		{6A7CB9B7-25F5-4993-8190-F5D2F163FBB2}.Release|Any CPU.Build.0 = Release|Any CPU
		{6A7CB9B7-25F5-4993-8190-F5D2F163FBB2}.Release|Mixed Platforms.ActiveCfg = Release|Any CPU
		{6A7CB9B7-25F5-4993-8190-F5D2F163FBB2}.Release|Mixed Platforms.Build.0 = Release|Any CPU
		{6A7CB9B7-25F5-4993-8190-F5D2F163FBB2}.Release|x86.ActiveCfg = Release|Any CPU
		{6A7CB9B7-25F5-4993-8190-F5D2F163FBB2}.Ultimo|Any CPU.ActiveCfg = Release|Any CPU
		{6A7CB9B7-25F5-4993-8190-F5D2F163FBB2}.Ultimo|Any CPU.Build.0 = Release|Any CPU
		{6A7CB9B7-25F5-4993-8190-F5D2F163FBB2}.Ultimo|Mixed Platforms.ActiveCfg = Release|Any CPU
		{6A7CB9B7-25F5-4993-8190-F5D2F163FBB2}.Ultimo|Mixed Platforms.Build.0 = Release|Any CPU
		{6A7CB9B7-25F5-4993-8190-F5D2F163FBB2}.Ultimo|x86.ActiveCfg = Release|Any CPU
		{A1627593-0FA3-458C-8D6D-C7E50F549588}.Debug|Any CPU.ActiveCfg = Debug|Any CPU
		{A1627593-0FA3-458C-8D6D-C7E50F549588}.Debug|Any CPU.Build.0 = Debug|Any CPU
		{A1627593-0FA3-458C-8D6D-C7E50F549588}.Debug|Mixed Platforms.ActiveCfg = Debug|Any CPU
		{A1627593-0FA3-458C-8D6D-C7E50F549588}.Debug|Mixed Platforms.Build.0 = Debug|Any CPU
		{A1627593-0FA3-458C-8D6D-C7E50F549588}.Debug|x86.ActiveCfg = Debug|Any CPU
		{A1627593-0FA3-458C-8D6D-C7E50F549588}.Release|Any CPU.ActiveCfg = Release|Any CPU
		{A1627593-0FA3-458C-8D6D-C7E50F549588}.Release|Any CPU.Build.0 = Release|Any CPU
		{A1627593-0FA3-458C-8D6D-C7E50F549588}.Release|Mixed Platforms.ActiveCfg = Release|Any CPU
		{A1627593-0FA3-458C-8D6D-C7E50F549588}.Release|Mixed Platforms.Build.0 = Release|Any CPU
		{A1627593-0FA3-458C-8D6D-C7E50F549588}.Release|x86.ActiveCfg = Release|Any CPU
		{A1627593-0FA3-458C-8D6D-C7E50F549588}.Ultimo|Any CPU.ActiveCfg = Release|Any CPU
		{A1627593-0FA3-458C-8D6D-C7E50F549588}.Ultimo|Mixed Platforms.ActiveCfg = Release|Any CPU
		{A1627593-0FA3-458C-8D6D-C7E50F549588}.Ultimo|x86.ActiveCfg = Release|Any CPU
		{56255C7B-8ECA-438D-A178-B2F5FE4634C8}.Debug|Any CPU.ActiveCfg = Debug|Any CPU
		{56255C7B-8ECA-438D-A178-B2F5FE4634C8}.Debug|Any CPU.Build.0 = Debug|Any CPU
		{56255C7B-8ECA-438D-A178-B2F5FE4634C8}.Debug|Mixed Platforms.ActiveCfg = Debug|Any CPU
		{56255C7B-8ECA-438D-A178-B2F5FE4634C8}.Debug|Mixed Platforms.Build.0 = Debug|Any CPU
		{56255C7B-8ECA-438D-A178-B2F5FE4634C8}.Debug|x86.ActiveCfg = Debug|Any CPU
		{56255C7B-8ECA-438D-A178-B2F5FE4634C8}.Release|Any CPU.ActiveCfg = Release|Any CPU
		{56255C7B-8ECA-438D-A178-B2F5FE4634C8}.Release|Any CPU.Build.0 = Release|Any CPU
		{56255C7B-8ECA-438D-A178-B2F5FE4634C8}.Release|Mixed Platforms.ActiveCfg = Release|Any CPU
		{56255C7B-8ECA-438D-A178-B2F5FE4634C8}.Release|Mixed Platforms.Build.0 = Release|Any CPU
		{56255C7B-8ECA-438D-A178-B2F5FE4634C8}.Release|x86.ActiveCfg = Release|Any CPU
		{56255C7B-8ECA-438D-A178-B2F5FE4634C8}.Ultimo|Any CPU.ActiveCfg = Release|Any CPU
		{56255C7B-8ECA-438D-A178-B2F5FE4634C8}.Ultimo|Mixed Platforms.ActiveCfg = Release|Any CPU
		{56255C7B-8ECA-438D-A178-B2F5FE4634C8}.Ultimo|x86.ActiveCfg = Release|Any CPU
		{9C6A9882-0FC6-408B-906C-52C9A25F649C}.Debug|Any CPU.ActiveCfg = Debug|Any CPU
		{9C6A9882-0FC6-408B-906C-52C9A25F649C}.Debug|Any CPU.Build.0 = Debug|Any CPU
		{9C6A9882-0FC6-408B-906C-52C9A25F649C}.Debug|Mixed Platforms.ActiveCfg = Debug|Any CPU
		{9C6A9882-0FC6-408B-906C-52C9A25F649C}.Debug|Mixed Platforms.Build.0 = Debug|Any CPU
		{9C6A9882-0FC6-408B-906C-52C9A25F649C}.Debug|x86.ActiveCfg = Debug|Any CPU
		{9C6A9882-0FC6-408B-906C-52C9A25F649C}.Release|Any CPU.ActiveCfg = Release|Any CPU
		{9C6A9882-0FC6-408B-906C-52C9A25F649C}.Release|Any CPU.Build.0 = Release|Any CPU
		{9C6A9882-0FC6-408B-906C-52C9A25F649C}.Release|Mixed Platforms.ActiveCfg = Release|Any CPU
		{9C6A9882-0FC6-408B-906C-52C9A25F649C}.Release|Mixed Platforms.Build.0 = Release|Any CPU
		{9C6A9882-0FC6-408B-906C-52C9A25F649C}.Release|x86.ActiveCfg = Release|Any CPU
		{9C6A9882-0FC6-408B-906C-52C9A25F649C}.Ultimo|Any CPU.ActiveCfg = Release|Any CPU
		{9C6A9882-0FC6-408B-906C-52C9A25F649C}.Ultimo|Mixed Platforms.ActiveCfg = Release|Any CPU
		{9C6A9882-0FC6-408B-906C-52C9A25F649C}.Ultimo|x86.ActiveCfg = Release|Any CPU
		{29DD6C19-30F7-4082-BCFC-7EED7DCFCB06}.Debug|Any CPU.ActiveCfg = Debug|Any CPU
		{29DD6C19-30F7-4082-BCFC-7EED7DCFCB06}.Debug|Any CPU.Build.0 = Debug|Any CPU
		{29DD6C19-30F7-4082-BCFC-7EED7DCFCB06}.Debug|Mixed Platforms.ActiveCfg = Debug|Any CPU
		{29DD6C19-30F7-4082-BCFC-7EED7DCFCB06}.Debug|Mixed Platforms.Build.0 = Debug|Any CPU
		{29DD6C19-30F7-4082-BCFC-7EED7DCFCB06}.Debug|x86.ActiveCfg = Debug|Any CPU
		{29DD6C19-30F7-4082-BCFC-7EED7DCFCB06}.Release|Any CPU.ActiveCfg = Release|Any CPU
		{29DD6C19-30F7-4082-BCFC-7EED7DCFCB06}.Release|Any CPU.Build.0 = Release|Any CPU
		{29DD6C19-30F7-4082-BCFC-7EED7DCFCB06}.Release|Mixed Platforms.ActiveCfg = Release|Any CPU
		{29DD6C19-30F7-4082-BCFC-7EED7DCFCB06}.Release|Mixed Platforms.Build.0 = Release|Any CPU
		{29DD6C19-30F7-4082-BCFC-7EED7DCFCB06}.Release|x86.ActiveCfg = Release|Any CPU
		{29DD6C19-30F7-4082-BCFC-7EED7DCFCB06}.Ultimo|Any CPU.ActiveCfg = Release|Any CPU
		{29DD6C19-30F7-4082-BCFC-7EED7DCFCB06}.Ultimo|Mixed Platforms.ActiveCfg = Release|Any CPU
		{29DD6C19-30F7-4082-BCFC-7EED7DCFCB06}.Ultimo|x86.ActiveCfg = Release|Any CPU
		{9431475E-C0E2-44B1-A84F-612C40B76F4D}.Debug|Any CPU.ActiveCfg = Debug|Any CPU
		{9431475E-C0E2-44B1-A84F-612C40B76F4D}.Debug|Any CPU.Build.0 = Debug|Any CPU
		{9431475E-C0E2-44B1-A84F-612C40B76F4D}.Debug|Mixed Platforms.ActiveCfg = Debug|Any CPU
		{9431475E-C0E2-44B1-A84F-612C40B76F4D}.Debug|Mixed Platforms.Build.0 = Debug|Any CPU
		{9431475E-C0E2-44B1-A84F-612C40B76F4D}.Debug|x86.ActiveCfg = Debug|Any CPU
		{9431475E-C0E2-44B1-A84F-612C40B76F4D}.Release|Any CPU.ActiveCfg = Release|Any CPU
		{9431475E-C0E2-44B1-A84F-612C40B76F4D}.Release|Any CPU.Build.0 = Release|Any CPU
		{9431475E-C0E2-44B1-A84F-612C40B76F4D}.Release|Mixed Platforms.ActiveCfg = Release|Any CPU
		{9431475E-C0E2-44B1-A84F-612C40B76F4D}.Release|Mixed Platforms.Build.0 = Release|Any CPU
		{9431475E-C0E2-44B1-A84F-612C40B76F4D}.Release|x86.ActiveCfg = Release|Any CPU
		{9431475E-C0E2-44B1-A84F-612C40B76F4D}.Ultimo|Any CPU.ActiveCfg = Release|Any CPU
		{9431475E-C0E2-44B1-A84F-612C40B76F4D}.Ultimo|Mixed Platforms.ActiveCfg = Release|Any CPU
		{9431475E-C0E2-44B1-A84F-612C40B76F4D}.Ultimo|x86.ActiveCfg = Release|Any CPU
		{2A236469-A455-4BD6-8927-527F06463900}.Debug|Any CPU.ActiveCfg = Debug|Any CPU
		{2A236469-A455-4BD6-8927-527F06463900}.Debug|Any CPU.Build.0 = Debug|Any CPU
		{2A236469-A455-4BD6-8927-527F06463900}.Debug|Mixed Platforms.ActiveCfg = Debug|Any CPU
		{2A236469-A455-4BD6-8927-527F06463900}.Debug|Mixed Platforms.Build.0 = Debug|Any CPU
		{2A236469-A455-4BD6-8927-527F06463900}.Debug|x86.ActiveCfg = Debug|Any CPU
		{2A236469-A455-4BD6-8927-527F06463900}.Release|Any CPU.ActiveCfg = Release|Any CPU
		{2A236469-A455-4BD6-8927-527F06463900}.Release|Any CPU.Build.0 = Release|Any CPU
		{2A236469-A455-4BD6-8927-527F06463900}.Release|Mixed Platforms.ActiveCfg = Release|Any CPU
		{2A236469-A455-4BD6-8927-527F06463900}.Release|Mixed Platforms.Build.0 = Release|Any CPU
		{2A236469-A455-4BD6-8927-527F06463900}.Release|x86.ActiveCfg = Release|Any CPU
		{2A236469-A455-4BD6-8927-527F06463900}.Ultimo|Any CPU.ActiveCfg = Release|Any CPU
		{2A236469-A455-4BD6-8927-527F06463900}.Ultimo|Any CPU.Build.0 = Release|Any CPU
		{2A236469-A455-4BD6-8927-527F06463900}.Ultimo|Mixed Platforms.ActiveCfg = Release|Any CPU
		{2A236469-A455-4BD6-8927-527F06463900}.Ultimo|Mixed Platforms.Build.0 = Release|Any CPU
		{2A236469-A455-4BD6-8927-527F06463900}.Ultimo|x86.ActiveCfg = Release|Any CPU
		{7BFC3F74-7753-4FBE-B315-C0A15390C298}.Debug|Any CPU.ActiveCfg = Debug|Any CPU
		{7BFC3F74-7753-4FBE-B315-C0A15390C298}.Debug|Any CPU.Build.0 = Debug|Any CPU
		{7BFC3F74-7753-4FBE-B315-C0A15390C298}.Debug|Mixed Platforms.ActiveCfg = Debug|Any CPU
		{7BFC3F74-7753-4FBE-B315-C0A15390C298}.Debug|Mixed Platforms.Build.0 = Debug|Any CPU
		{7BFC3F74-7753-4FBE-B315-C0A15390C298}.Debug|x86.ActiveCfg = Debug|Any CPU
		{7BFC3F74-7753-4FBE-B315-C0A15390C298}.Release|Any CPU.ActiveCfg = Release|Any CPU
		{7BFC3F74-7753-4FBE-B315-C0A15390C298}.Release|Any CPU.Build.0 = Release|Any CPU
		{7BFC3F74-7753-4FBE-B315-C0A15390C298}.Release|Mixed Platforms.ActiveCfg = Release|Any CPU
		{7BFC3F74-7753-4FBE-B315-C0A15390C298}.Release|Mixed Platforms.Build.0 = Release|Any CPU
		{7BFC3F74-7753-4FBE-B315-C0A15390C298}.Release|x86.ActiveCfg = Release|Any CPU
		{7BFC3F74-7753-4FBE-B315-C0A15390C298}.Ultimo|Any CPU.ActiveCfg = Release|Any CPU
		{7BFC3F74-7753-4FBE-B315-C0A15390C298}.Ultimo|Any CPU.Build.0 = Release|Any CPU
		{7BFC3F74-7753-4FBE-B315-C0A15390C298}.Ultimo|Mixed Platforms.ActiveCfg = Release|Any CPU
		{7BFC3F74-7753-4FBE-B315-C0A15390C298}.Ultimo|Mixed Platforms.Build.0 = Release|Any CPU
		{7BFC3F74-7753-4FBE-B315-C0A15390C298}.Ultimo|x86.ActiveCfg = Release|Any CPU
		{CAADE002-4A8D-43D9-B049-125DD09B5824}.Debug|Any CPU.ActiveCfg = Debug|Any CPU
		{CAADE002-4A8D-43D9-B049-125DD09B5824}.Debug|Any CPU.Build.0 = Debug|Any CPU
		{CAADE002-4A8D-43D9-B049-125DD09B5824}.Debug|Mixed Platforms.ActiveCfg = Debug|Any CPU
		{CAADE002-4A8D-43D9-B049-125DD09B5824}.Debug|Mixed Platforms.Build.0 = Debug|Any CPU
		{CAADE002-4A8D-43D9-B049-125DD09B5824}.Debug|x86.ActiveCfg = Debug|Any CPU
		{CAADE002-4A8D-43D9-B049-125DD09B5824}.Debug|x86.Build.0 = Debug|Any CPU
		{CAADE002-4A8D-43D9-B049-125DD09B5824}.Release|Any CPU.ActiveCfg = Release|Any CPU
		{CAADE002-4A8D-43D9-B049-125DD09B5824}.Release|Any CPU.Build.0 = Release|Any CPU
		{CAADE002-4A8D-43D9-B049-125DD09B5824}.Release|Mixed Platforms.ActiveCfg = Release|Any CPU
		{CAADE002-4A8D-43D9-B049-125DD09B5824}.Release|Mixed Platforms.Build.0 = Release|Any CPU
		{CAADE002-4A8D-43D9-B049-125DD09B5824}.Release|x86.ActiveCfg = Release|Any CPU
		{CAADE002-4A8D-43D9-B049-125DD09B5824}.Release|x86.Build.0 = Release|Any CPU
		{CAADE002-4A8D-43D9-B049-125DD09B5824}.Ultimo|Any CPU.ActiveCfg = Release|Any CPU
		{CAADE002-4A8D-43D9-B049-125DD09B5824}.Ultimo|Any CPU.Build.0 = Release|Any CPU
		{CAADE002-4A8D-43D9-B049-125DD09B5824}.Ultimo|Mixed Platforms.ActiveCfg = Release|Any CPU
		{CAADE002-4A8D-43D9-B049-125DD09B5824}.Ultimo|Mixed Platforms.Build.0 = Release|Any CPU
		{CAADE002-4A8D-43D9-B049-125DD09B5824}.Ultimo|x86.ActiveCfg = Release|Any CPU
		{CAADE002-4A8D-43D9-B049-125DD09B5824}.Ultimo|x86.Build.0 = Release|Any CPU
		{AA0BAA03-067D-4B5D-9996-F7868EFA6097}.Debug|Any CPU.ActiveCfg = Debug|Any CPU
		{AA0BAA03-067D-4B5D-9996-F7868EFA6097}.Debug|Any CPU.Build.0 = Debug|Any CPU
		{AA0BAA03-067D-4B5D-9996-F7868EFA6097}.Debug|Mixed Platforms.ActiveCfg = Debug|Any CPU
		{AA0BAA03-067D-4B5D-9996-F7868EFA6097}.Debug|Mixed Platforms.Build.0 = Debug|Any CPU
		{AA0BAA03-067D-4B5D-9996-F7868EFA6097}.Debug|x86.ActiveCfg = Debug|Any CPU
		{AA0BAA03-067D-4B5D-9996-F7868EFA6097}.Debug|x86.Build.0 = Debug|Any CPU
		{AA0BAA03-067D-4B5D-9996-F7868EFA6097}.Release|Any CPU.ActiveCfg = Release|Any CPU
		{AA0BAA03-067D-4B5D-9996-F7868EFA6097}.Release|Any CPU.Build.0 = Release|Any CPU
		{AA0BAA03-067D-4B5D-9996-F7868EFA6097}.Release|Mixed Platforms.ActiveCfg = Release|Any CPU
		{AA0BAA03-067D-4B5D-9996-F7868EFA6097}.Release|Mixed Platforms.Build.0 = Release|Any CPU
		{AA0BAA03-067D-4B5D-9996-F7868EFA6097}.Release|x86.ActiveCfg = Release|Any CPU
		{AA0BAA03-067D-4B5D-9996-F7868EFA6097}.Release|x86.Build.0 = Release|Any CPU
		{AA0BAA03-067D-4B5D-9996-F7868EFA6097}.Ultimo|Any CPU.ActiveCfg = Release|Any CPU
		{AA0BAA03-067D-4B5D-9996-F7868EFA6097}.Ultimo|Any CPU.Build.0 = Release|Any CPU
		{AA0BAA03-067D-4B5D-9996-F7868EFA6097}.Ultimo|Mixed Platforms.ActiveCfg = Release|Any CPU
		{AA0BAA03-067D-4B5D-9996-F7868EFA6097}.Ultimo|Mixed Platforms.Build.0 = Release|Any CPU
		{AA0BAA03-067D-4B5D-9996-F7868EFA6097}.Ultimo|x86.ActiveCfg = Release|Any CPU
		{AA0BAA03-067D-4B5D-9996-F7868EFA6097}.Ultimo|x86.Build.0 = Release|Any CPU
		{752D5869-CC12-4CC0-A2B0-DA194F12CCD1}.Debug|Any CPU.ActiveCfg = Debug|Any CPU
		{752D5869-CC12-4CC0-A2B0-DA194F12CCD1}.Debug|Any CPU.Build.0 = Debug|Any CPU
		{752D5869-CC12-4CC0-A2B0-DA194F12CCD1}.Debug|Mixed Platforms.ActiveCfg = Debug|Any CPU
		{752D5869-CC12-4CC0-A2B0-DA194F12CCD1}.Debug|Mixed Platforms.Build.0 = Debug|Any CPU
		{752D5869-CC12-4CC0-A2B0-DA194F12CCD1}.Debug|x86.ActiveCfg = Debug|Any CPU
		{752D5869-CC12-4CC0-A2B0-DA194F12CCD1}.Debug|x86.Build.0 = Debug|Any CPU
		{752D5869-CC12-4CC0-A2B0-DA194F12CCD1}.Release|Any CPU.ActiveCfg = Release|Any CPU
		{752D5869-CC12-4CC0-A2B0-DA194F12CCD1}.Release|Any CPU.Build.0 = Release|Any CPU
		{752D5869-CC12-4CC0-A2B0-DA194F12CCD1}.Release|Mixed Platforms.ActiveCfg = Release|Any CPU
		{752D5869-CC12-4CC0-A2B0-DA194F12CCD1}.Release|Mixed Platforms.Build.0 = Release|Any CPU
		{752D5869-CC12-4CC0-A2B0-DA194F12CCD1}.Release|x86.ActiveCfg = Release|Any CPU
		{752D5869-CC12-4CC0-A2B0-DA194F12CCD1}.Release|x86.Build.0 = Release|Any CPU
		{752D5869-CC12-4CC0-A2B0-DA194F12CCD1}.Ultimo|Any CPU.ActiveCfg = Release|Any CPU
		{752D5869-CC12-4CC0-A2B0-DA194F12CCD1}.Ultimo|Any CPU.Build.0 = Release|Any CPU
		{752D5869-CC12-4CC0-A2B0-DA194F12CCD1}.Ultimo|Mixed Platforms.ActiveCfg = Release|Any CPU
		{752D5869-CC12-4CC0-A2B0-DA194F12CCD1}.Ultimo|Mixed Platforms.Build.0 = Release|Any CPU
		{752D5869-CC12-4CC0-A2B0-DA194F12CCD1}.Ultimo|x86.ActiveCfg = Release|Any CPU
		{752D5869-CC12-4CC0-A2B0-DA194F12CCD1}.Ultimo|x86.Build.0 = Release|Any CPU
		{1A949C1F-C09C-46AB-AAE8-FA0BB6E90342}.Debug|Any CPU.ActiveCfg = Debug|Any CPU
		{1A949C1F-C09C-46AB-AAE8-FA0BB6E90342}.Debug|Any CPU.Build.0 = Debug|Any CPU
		{1A949C1F-C09C-46AB-AAE8-FA0BB6E90342}.Debug|Mixed Platforms.ActiveCfg = Debug|Any CPU
		{1A949C1F-C09C-46AB-AAE8-FA0BB6E90342}.Debug|Mixed Platforms.Build.0 = Debug|Any CPU
		{1A949C1F-C09C-46AB-AAE8-FA0BB6E90342}.Debug|x86.ActiveCfg = Debug|Any CPU
		{1A949C1F-C09C-46AB-AAE8-FA0BB6E90342}.Debug|x86.Build.0 = Debug|Any CPU
		{1A949C1F-C09C-46AB-AAE8-FA0BB6E90342}.Release|Any CPU.ActiveCfg = Release|Any CPU
		{1A949C1F-C09C-46AB-AAE8-FA0BB6E90342}.Release|Any CPU.Build.0 = Release|Any CPU
		{1A949C1F-C09C-46AB-AAE8-FA0BB6E90342}.Release|Mixed Platforms.ActiveCfg = Release|Any CPU
		{1A949C1F-C09C-46AB-AAE8-FA0BB6E90342}.Release|Mixed Platforms.Build.0 = Release|Any CPU
		{1A949C1F-C09C-46AB-AAE8-FA0BB6E90342}.Release|x86.ActiveCfg = Release|Any CPU
		{1A949C1F-C09C-46AB-AAE8-FA0BB6E90342}.Release|x86.Build.0 = Release|Any CPU
		{1A949C1F-C09C-46AB-AAE8-FA0BB6E90342}.Ultimo|Any CPU.ActiveCfg = Release|Any CPU
		{1A949C1F-C09C-46AB-AAE8-FA0BB6E90342}.Ultimo|Any CPU.Build.0 = Release|Any CPU
		{1A949C1F-C09C-46AB-AAE8-FA0BB6E90342}.Ultimo|Mixed Platforms.ActiveCfg = Release|Any CPU
		{1A949C1F-C09C-46AB-AAE8-FA0BB6E90342}.Ultimo|Mixed Platforms.Build.0 = Release|Any CPU
		{1A949C1F-C09C-46AB-AAE8-FA0BB6E90342}.Ultimo|x86.ActiveCfg = Release|Any CPU
		{1A949C1F-C09C-46AB-AAE8-FA0BB6E90342}.Ultimo|x86.Build.0 = Release|Any CPU
		{57F9253C-B4B7-45AC-BC3B-0E1F133A1DEC}.Debug|Any CPU.ActiveCfg = Debug|Any CPU
		{57F9253C-B4B7-45AC-BC3B-0E1F133A1DEC}.Debug|Any CPU.Build.0 = Debug|Any CPU
		{57F9253C-B4B7-45AC-BC3B-0E1F133A1DEC}.Debug|Mixed Platforms.ActiveCfg = Debug|Any CPU
		{57F9253C-B4B7-45AC-BC3B-0E1F133A1DEC}.Debug|Mixed Platforms.Build.0 = Debug|Any CPU
		{57F9253C-B4B7-45AC-BC3B-0E1F133A1DEC}.Debug|x86.ActiveCfg = Debug|Any CPU
		{57F9253C-B4B7-45AC-BC3B-0E1F133A1DEC}.Debug|x86.Build.0 = Debug|Any CPU
		{57F9253C-B4B7-45AC-BC3B-0E1F133A1DEC}.Release|Any CPU.ActiveCfg = Release|Any CPU
		{57F9253C-B4B7-45AC-BC3B-0E1F133A1DEC}.Release|Any CPU.Build.0 = Release|Any CPU
		{57F9253C-B4B7-45AC-BC3B-0E1F133A1DEC}.Release|Mixed Platforms.ActiveCfg = Release|Any CPU
		{57F9253C-B4B7-45AC-BC3B-0E1F133A1DEC}.Release|Mixed Platforms.Build.0 = Release|Any CPU
		{57F9253C-B4B7-45AC-BC3B-0E1F133A1DEC}.Release|x86.ActiveCfg = Release|Any CPU
		{57F9253C-B4B7-45AC-BC3B-0E1F133A1DEC}.Release|x86.Build.0 = Release|Any CPU
		{57F9253C-B4B7-45AC-BC3B-0E1F133A1DEC}.Ultimo|Any CPU.ActiveCfg = Release|Any CPU
		{57F9253C-B4B7-45AC-BC3B-0E1F133A1DEC}.Ultimo|Any CPU.Build.0 = Release|Any CPU
		{57F9253C-B4B7-45AC-BC3B-0E1F133A1DEC}.Ultimo|Mixed Platforms.ActiveCfg = Release|Any CPU
		{57F9253C-B4B7-45AC-BC3B-0E1F133A1DEC}.Ultimo|Mixed Platforms.Build.0 = Release|Any CPU
		{57F9253C-B4B7-45AC-BC3B-0E1F133A1DEC}.Ultimo|x86.ActiveCfg = Release|Any CPU
		{57F9253C-B4B7-45AC-BC3B-0E1F133A1DEC}.Ultimo|x86.Build.0 = Release|Any CPU
		{97D216D6-5E34-4031-A542-A761F2FE5172}.Debug|Any CPU.ActiveCfg = Debug|Any CPU
		{97D216D6-5E34-4031-A542-A761F2FE5172}.Debug|Any CPU.Build.0 = Debug|Any CPU
		{97D216D6-5E34-4031-A542-A761F2FE5172}.Debug|Mixed Platforms.ActiveCfg = Debug|Any CPU
		{97D216D6-5E34-4031-A542-A761F2FE5172}.Debug|Mixed Platforms.Build.0 = Debug|Any CPU
		{97D216D6-5E34-4031-A542-A761F2FE5172}.Debug|x86.ActiveCfg = Debug|Any CPU
		{97D216D6-5E34-4031-A542-A761F2FE5172}.Debug|x86.Build.0 = Debug|Any CPU
		{97D216D6-5E34-4031-A542-A761F2FE5172}.Release|Any CPU.ActiveCfg = Release|Any CPU
		{97D216D6-5E34-4031-A542-A761F2FE5172}.Release|Any CPU.Build.0 = Release|Any CPU
		{97D216D6-5E34-4031-A542-A761F2FE5172}.Release|Mixed Platforms.ActiveCfg = Release|Any CPU
		{97D216D6-5E34-4031-A542-A761F2FE5172}.Release|Mixed Platforms.Build.0 = Release|Any CPU
		{97D216D6-5E34-4031-A542-A761F2FE5172}.Release|x86.ActiveCfg = Release|Any CPU
		{97D216D6-5E34-4031-A542-A761F2FE5172}.Release|x86.Build.0 = Release|Any CPU
		{97D216D6-5E34-4031-A542-A761F2FE5172}.Ultimo|Any CPU.ActiveCfg = Debug|Any CPU
		{97D216D6-5E34-4031-A542-A761F2FE5172}.Ultimo|Any CPU.Build.0 = Debug|Any CPU
		{97D216D6-5E34-4031-A542-A761F2FE5172}.Ultimo|Mixed Platforms.ActiveCfg = Debug|Any CPU
		{97D216D6-5E34-4031-A542-A761F2FE5172}.Ultimo|Mixed Platforms.Build.0 = Debug|Any CPU
		{97D216D6-5E34-4031-A542-A761F2FE5172}.Ultimo|x86.ActiveCfg = Debug|Any CPU
		{97D216D6-5E34-4031-A542-A761F2FE5172}.Ultimo|x86.Build.0 = Debug|Any CPU
		{077F5A43-5D47-4AC2-B667-4F697142BF06}.Debug|Any CPU.ActiveCfg = Debug|Any CPU
		{077F5A43-5D47-4AC2-B667-4F697142BF06}.Debug|Any CPU.Build.0 = Debug|Any CPU
		{077F5A43-5D47-4AC2-B667-4F697142BF06}.Debug|Mixed Platforms.ActiveCfg = Debug|Any CPU
		{077F5A43-5D47-4AC2-B667-4F697142BF06}.Debug|Mixed Platforms.Build.0 = Debug|Any CPU
		{077F5A43-5D47-4AC2-B667-4F697142BF06}.Debug|x86.ActiveCfg = Debug|Any CPU
		{077F5A43-5D47-4AC2-B667-4F697142BF06}.Debug|x86.Build.0 = Debug|Any CPU
		{077F5A43-5D47-4AC2-B667-4F697142BF06}.Release|Any CPU.ActiveCfg = Release|Any CPU
		{077F5A43-5D47-4AC2-B667-4F697142BF06}.Release|Any CPU.Build.0 = Release|Any CPU
		{077F5A43-5D47-4AC2-B667-4F697142BF06}.Release|Mixed Platforms.ActiveCfg = Release|Any CPU
		{077F5A43-5D47-4AC2-B667-4F697142BF06}.Release|Mixed Platforms.Build.0 = Release|Any CPU
		{077F5A43-5D47-4AC2-B667-4F697142BF06}.Release|x86.ActiveCfg = Release|Any CPU
		{077F5A43-5D47-4AC2-B667-4F697142BF06}.Release|x86.Build.0 = Release|Any CPU
		{077F5A43-5D47-4AC2-B667-4F697142BF06}.Ultimo|Any CPU.ActiveCfg = Debug|Any CPU
		{077F5A43-5D47-4AC2-B667-4F697142BF06}.Ultimo|Any CPU.Build.0 = Debug|Any CPU
		{077F5A43-5D47-4AC2-B667-4F697142BF06}.Ultimo|Mixed Platforms.ActiveCfg = Debug|Any CPU
		{077F5A43-5D47-4AC2-B667-4F697142BF06}.Ultimo|Mixed Platforms.Build.0 = Debug|Any CPU
		{077F5A43-5D47-4AC2-B667-4F697142BF06}.Ultimo|x86.ActiveCfg = Debug|Any CPU
		{077F5A43-5D47-4AC2-B667-4F697142BF06}.Ultimo|x86.Build.0 = Debug|Any CPU
		{E24CBA8D-4D89-4061-B224-C57F9D7D976E}.Debug|Any CPU.ActiveCfg = Debug|Any CPU
		{E24CBA8D-4D89-4061-B224-C57F9D7D976E}.Debug|Any CPU.Build.0 = Debug|Any CPU
		{E24CBA8D-4D89-4061-B224-C57F9D7D976E}.Debug|Mixed Platforms.ActiveCfg = Debug|Any CPU
		{E24CBA8D-4D89-4061-B224-C57F9D7D976E}.Debug|Mixed Platforms.Build.0 = Debug|Any CPU
		{E24CBA8D-4D89-4061-B224-C57F9D7D976E}.Debug|x86.ActiveCfg = Debug|Any CPU
		{E24CBA8D-4D89-4061-B224-C57F9D7D976E}.Debug|x86.Build.0 = Debug|Any CPU
		{E24CBA8D-4D89-4061-B224-C57F9D7D976E}.Release|Any CPU.ActiveCfg = Release|Any CPU
		{E24CBA8D-4D89-4061-B224-C57F9D7D976E}.Release|Any CPU.Build.0 = Release|Any CPU
		{E24CBA8D-4D89-4061-B224-C57F9D7D976E}.Release|Mixed Platforms.ActiveCfg = Release|Any CPU
		{E24CBA8D-4D89-4061-B224-C57F9D7D976E}.Release|Mixed Platforms.Build.0 = Release|Any CPU
		{E24CBA8D-4D89-4061-B224-C57F9D7D976E}.Release|x86.ActiveCfg = Release|Any CPU
		{E24CBA8D-4D89-4061-B224-C57F9D7D976E}.Release|x86.Build.0 = Release|Any CPU
		{E24CBA8D-4D89-4061-B224-C57F9D7D976E}.Ultimo|Any CPU.ActiveCfg = Debug|Any CPU
		{E24CBA8D-4D89-4061-B224-C57F9D7D976E}.Ultimo|Any CPU.Build.0 = Debug|Any CPU
		{E24CBA8D-4D89-4061-B224-C57F9D7D976E}.Ultimo|Mixed Platforms.ActiveCfg = Debug|Any CPU
		{E24CBA8D-4D89-4061-B224-C57F9D7D976E}.Ultimo|Mixed Platforms.Build.0 = Debug|Any CPU
		{E24CBA8D-4D89-4061-B224-C57F9D7D976E}.Ultimo|x86.ActiveCfg = Debug|Any CPU
		{E24CBA8D-4D89-4061-B224-C57F9D7D976E}.Ultimo|x86.Build.0 = Debug|Any CPU
		{BD4DDF2B-7BEA-495C-92F0-21ADFE357CFF}.Debug|Any CPU.ActiveCfg = Debug|Any CPU
		{BD4DDF2B-7BEA-495C-92F0-21ADFE357CFF}.Debug|Any CPU.Build.0 = Debug|Any CPU
		{BD4DDF2B-7BEA-495C-92F0-21ADFE357CFF}.Debug|Mixed Platforms.ActiveCfg = Debug|Any CPU
		{BD4DDF2B-7BEA-495C-92F0-21ADFE357CFF}.Debug|Mixed Platforms.Build.0 = Debug|Any CPU
		{BD4DDF2B-7BEA-495C-92F0-21ADFE357CFF}.Debug|x86.ActiveCfg = Debug|Any CPU
		{BD4DDF2B-7BEA-495C-92F0-21ADFE357CFF}.Debug|x86.Build.0 = Debug|Any CPU
		{BD4DDF2B-7BEA-495C-92F0-21ADFE357CFF}.Release|Any CPU.ActiveCfg = Release|Any CPU
		{BD4DDF2B-7BEA-495C-92F0-21ADFE357CFF}.Release|Any CPU.Build.0 = Release|Any CPU
		{BD4DDF2B-7BEA-495C-92F0-21ADFE357CFF}.Release|Mixed Platforms.ActiveCfg = Release|Any CPU
		{BD4DDF2B-7BEA-495C-92F0-21ADFE357CFF}.Release|Mixed Platforms.Build.0 = Release|Any CPU
		{BD4DDF2B-7BEA-495C-92F0-21ADFE357CFF}.Release|x86.ActiveCfg = Release|Any CPU
		{BD4DDF2B-7BEA-495C-92F0-21ADFE357CFF}.Release|x86.Build.0 = Release|Any CPU
		{BD4DDF2B-7BEA-495C-92F0-21ADFE357CFF}.Ultimo|Any CPU.ActiveCfg = Debug|Any CPU
		{BD4DDF2B-7BEA-495C-92F0-21ADFE357CFF}.Ultimo|Any CPU.Build.0 = Debug|Any CPU
		{BD4DDF2B-7BEA-495C-92F0-21ADFE357CFF}.Ultimo|Mixed Platforms.ActiveCfg = Debug|Any CPU
		{BD4DDF2B-7BEA-495C-92F0-21ADFE357CFF}.Ultimo|Mixed Platforms.Build.0 = Debug|Any CPU
		{BD4DDF2B-7BEA-495C-92F0-21ADFE357CFF}.Ultimo|x86.ActiveCfg = Debug|Any CPU
		{BD4DDF2B-7BEA-495C-92F0-21ADFE357CFF}.Ultimo|x86.Build.0 = Debug|Any CPU
		{AE724576-72B1-480E-8A90-D5132DAC4010}.Debug|Any CPU.ActiveCfg = Debug|Any CPU
		{AE724576-72B1-480E-8A90-D5132DAC4010}.Debug|Any CPU.Build.0 = Debug|Any CPU
		{AE724576-72B1-480E-8A90-D5132DAC4010}.Debug|Mixed Platforms.ActiveCfg = Debug|Any CPU
		{AE724576-72B1-480E-8A90-D5132DAC4010}.Debug|Mixed Platforms.Build.0 = Debug|Any CPU
		{AE724576-72B1-480E-8A90-D5132DAC4010}.Debug|x86.ActiveCfg = Debug|Any CPU
		{AE724576-72B1-480E-8A90-D5132DAC4010}.Debug|x86.Build.0 = Debug|Any CPU
		{AE724576-72B1-480E-8A90-D5132DAC4010}.Release|Any CPU.ActiveCfg = Release|Any CPU
		{AE724576-72B1-480E-8A90-D5132DAC4010}.Release|Any CPU.Build.0 = Release|Any CPU
		{AE724576-72B1-480E-8A90-D5132DAC4010}.Release|Mixed Platforms.ActiveCfg = Release|Any CPU
		{AE724576-72B1-480E-8A90-D5132DAC4010}.Release|Mixed Platforms.Build.0 = Release|Any CPU
		{AE724576-72B1-480E-8A90-D5132DAC4010}.Release|x86.ActiveCfg = Release|Any CPU
		{AE724576-72B1-480E-8A90-D5132DAC4010}.Release|x86.Build.0 = Release|Any CPU
		{AE724576-72B1-480E-8A90-D5132DAC4010}.Ultimo|Any CPU.ActiveCfg = Debug|Any CPU
		{AE724576-72B1-480E-8A90-D5132DAC4010}.Ultimo|Any CPU.Build.0 = Debug|Any CPU
		{AE724576-72B1-480E-8A90-D5132DAC4010}.Ultimo|Mixed Platforms.ActiveCfg = Debug|Any CPU
		{AE724576-72B1-480E-8A90-D5132DAC4010}.Ultimo|Mixed Platforms.Build.0 = Debug|Any CPU
		{AE724576-72B1-480E-8A90-D5132DAC4010}.Ultimo|x86.ActiveCfg = Debug|Any CPU
		{AE724576-72B1-480E-8A90-D5132DAC4010}.Ultimo|x86.Build.0 = Debug|Any CPU
		{E25FF06F-BFCA-4E29-A74F-FC1F33213B78}.Debug|Any CPU.ActiveCfg = Debug|Any CPU
		{E25FF06F-BFCA-4E29-A74F-FC1F33213B78}.Debug|Any CPU.Build.0 = Debug|Any CPU
		{E25FF06F-BFCA-4E29-A74F-FC1F33213B78}.Debug|Mixed Platforms.ActiveCfg = Debug|Any CPU
		{E25FF06F-BFCA-4E29-A74F-FC1F33213B78}.Debug|Mixed Platforms.Build.0 = Debug|Any CPU
		{E25FF06F-BFCA-4E29-A74F-FC1F33213B78}.Debug|x86.ActiveCfg = Debug|Any CPU
		{E25FF06F-BFCA-4E29-A74F-FC1F33213B78}.Debug|x86.Build.0 = Debug|Any CPU
		{E25FF06F-BFCA-4E29-A74F-FC1F33213B78}.Release|Any CPU.ActiveCfg = Release|Any CPU
		{E25FF06F-BFCA-4E29-A74F-FC1F33213B78}.Release|Any CPU.Build.0 = Release|Any CPU
		{E25FF06F-BFCA-4E29-A74F-FC1F33213B78}.Release|Mixed Platforms.ActiveCfg = Release|Any CPU
		{E25FF06F-BFCA-4E29-A74F-FC1F33213B78}.Release|Mixed Platforms.Build.0 = Release|Any CPU
		{E25FF06F-BFCA-4E29-A74F-FC1F33213B78}.Release|x86.ActiveCfg = Release|Any CPU
		{E25FF06F-BFCA-4E29-A74F-FC1F33213B78}.Release|x86.Build.0 = Release|Any CPU
		{E25FF06F-BFCA-4E29-A74F-FC1F33213B78}.Ultimo|Any CPU.ActiveCfg = Debug|Any CPU
		{E25FF06F-BFCA-4E29-A74F-FC1F33213B78}.Ultimo|Any CPU.Build.0 = Debug|Any CPU
		{E25FF06F-BFCA-4E29-A74F-FC1F33213B78}.Ultimo|Mixed Platforms.ActiveCfg = Debug|Any CPU
		{E25FF06F-BFCA-4E29-A74F-FC1F33213B78}.Ultimo|Mixed Platforms.Build.0 = Debug|Any CPU
		{E25FF06F-BFCA-4E29-A74F-FC1F33213B78}.Ultimo|x86.ActiveCfg = Debug|Any CPU
		{E25FF06F-BFCA-4E29-A74F-FC1F33213B78}.Ultimo|x86.Build.0 = Debug|Any CPU
		{9775B840-1671-421B-9879-9CC1165EC78D}.Debug|Any CPU.ActiveCfg = Debug|Any CPU
		{9775B840-1671-421B-9879-9CC1165EC78D}.Debug|Any CPU.Build.0 = Debug|Any CPU
		{9775B840-1671-421B-9879-9CC1165EC78D}.Debug|Mixed Platforms.ActiveCfg = Debug|Any CPU
		{9775B840-1671-421B-9879-9CC1165EC78D}.Debug|Mixed Platforms.Build.0 = Debug|Any CPU
		{9775B840-1671-421B-9879-9CC1165EC78D}.Debug|x86.ActiveCfg = Debug|Any CPU
		{9775B840-1671-421B-9879-9CC1165EC78D}.Debug|x86.Build.0 = Debug|Any CPU
		{9775B840-1671-421B-9879-9CC1165EC78D}.Release|Any CPU.ActiveCfg = Release|Any CPU
		{9775B840-1671-421B-9879-9CC1165EC78D}.Release|Any CPU.Build.0 = Release|Any CPU
		{9775B840-1671-421B-9879-9CC1165EC78D}.Release|Mixed Platforms.ActiveCfg = Release|Any CPU
		{9775B840-1671-421B-9879-9CC1165EC78D}.Release|Mixed Platforms.Build.0 = Release|Any CPU
		{9775B840-1671-421B-9879-9CC1165EC78D}.Release|x86.ActiveCfg = Release|Any CPU
		{9775B840-1671-421B-9879-9CC1165EC78D}.Release|x86.Build.0 = Release|Any CPU
		{9775B840-1671-421B-9879-9CC1165EC78D}.Ultimo|Any CPU.ActiveCfg = Debug|Any CPU
		{9775B840-1671-421B-9879-9CC1165EC78D}.Ultimo|Any CPU.Build.0 = Debug|Any CPU
		{9775B840-1671-421B-9879-9CC1165EC78D}.Ultimo|Mixed Platforms.ActiveCfg = Debug|Any CPU
		{9775B840-1671-421B-9879-9CC1165EC78D}.Ultimo|Mixed Platforms.Build.0 = Debug|Any CPU
		{9775B840-1671-421B-9879-9CC1165EC78D}.Ultimo|x86.ActiveCfg = Debug|Any CPU
		{9775B840-1671-421B-9879-9CC1165EC78D}.Ultimo|x86.Build.0 = Debug|Any CPU
		{F9871ABE-D88B-457C-91A5-4448E965B325}.Debug|Any CPU.ActiveCfg = Debug|Any CPU
		{F9871ABE-D88B-457C-91A5-4448E965B325}.Debug|Any CPU.Build.0 = Debug|Any CPU
		{F9871ABE-D88B-457C-91A5-4448E965B325}.Debug|Mixed Platforms.ActiveCfg = Debug|Any CPU
		{F9871ABE-D88B-457C-91A5-4448E965B325}.Debug|Mixed Platforms.Build.0 = Debug|Any CPU
		{F9871ABE-D88B-457C-91A5-4448E965B325}.Debug|x86.ActiveCfg = Debug|Any CPU
		{F9871ABE-D88B-457C-91A5-4448E965B325}.Debug|x86.Build.0 = Debug|Any CPU
		{F9871ABE-D88B-457C-91A5-4448E965B325}.Release|Any CPU.ActiveCfg = Release|Any CPU
		{F9871ABE-D88B-457C-91A5-4448E965B325}.Release|Any CPU.Build.0 = Release|Any CPU
		{F9871ABE-D88B-457C-91A5-4448E965B325}.Release|Mixed Platforms.ActiveCfg = Release|Any CPU
		{F9871ABE-D88B-457C-91A5-4448E965B325}.Release|Mixed Platforms.Build.0 = Release|Any CPU
		{F9871ABE-D88B-457C-91A5-4448E965B325}.Release|x86.ActiveCfg = Release|Any CPU
		{F9871ABE-D88B-457C-91A5-4448E965B325}.Release|x86.Build.0 = Release|Any CPU
		{F9871ABE-D88B-457C-91A5-4448E965B325}.Ultimo|Any CPU.ActiveCfg = Debug|Any CPU
		{F9871ABE-D88B-457C-91A5-4448E965B325}.Ultimo|Any CPU.Build.0 = Debug|Any CPU
		{F9871ABE-D88B-457C-91A5-4448E965B325}.Ultimo|Mixed Platforms.ActiveCfg = Debug|Any CPU
		{F9871ABE-D88B-457C-91A5-4448E965B325}.Ultimo|Mixed Platforms.Build.0 = Debug|Any CPU
		{F9871ABE-D88B-457C-91A5-4448E965B325}.Ultimo|x86.ActiveCfg = Debug|Any CPU
		{F9871ABE-D88B-457C-91A5-4448E965B325}.Ultimo|x86.Build.0 = Debug|Any CPU
		{81E18447-EA66-4F16-8A51-768A0EC10B8B}.Debug|Any CPU.ActiveCfg = Debug|Any CPU
		{81E18447-EA66-4F16-8A51-768A0EC10B8B}.Debug|Any CPU.Build.0 = Debug|Any CPU
		{81E18447-EA66-4F16-8A51-768A0EC10B8B}.Debug|Mixed Platforms.ActiveCfg = Debug|Any CPU
		{81E18447-EA66-4F16-8A51-768A0EC10B8B}.Debug|Mixed Platforms.Build.0 = Debug|Any CPU
		{81E18447-EA66-4F16-8A51-768A0EC10B8B}.Debug|x86.ActiveCfg = Debug|Any CPU
		{81E18447-EA66-4F16-8A51-768A0EC10B8B}.Debug|x86.Build.0 = Debug|Any CPU
		{81E18447-EA66-4F16-8A51-768A0EC10B8B}.Release|Any CPU.ActiveCfg = Release|Any CPU
		{81E18447-EA66-4F16-8A51-768A0EC10B8B}.Release|Any CPU.Build.0 = Release|Any CPU
		{81E18447-EA66-4F16-8A51-768A0EC10B8B}.Release|Mixed Platforms.ActiveCfg = Release|Any CPU
		{81E18447-EA66-4F16-8A51-768A0EC10B8B}.Release|Mixed Platforms.Build.0 = Release|Any CPU
		{81E18447-EA66-4F16-8A51-768A0EC10B8B}.Release|x86.ActiveCfg = Release|Any CPU
		{81E18447-EA66-4F16-8A51-768A0EC10B8B}.Release|x86.Build.0 = Release|Any CPU
		{81E18447-EA66-4F16-8A51-768A0EC10B8B}.Ultimo|Any CPU.ActiveCfg = Debug|Any CPU
		{81E18447-EA66-4F16-8A51-768A0EC10B8B}.Ultimo|Any CPU.Build.0 = Debug|Any CPU
		{81E18447-EA66-4F16-8A51-768A0EC10B8B}.Ultimo|Mixed Platforms.ActiveCfg = Debug|Any CPU
		{81E18447-EA66-4F16-8A51-768A0EC10B8B}.Ultimo|Mixed Platforms.Build.0 = Debug|Any CPU
		{81E18447-EA66-4F16-8A51-768A0EC10B8B}.Ultimo|x86.ActiveCfg = Debug|Any CPU
		{81E18447-EA66-4F16-8A51-768A0EC10B8B}.Ultimo|x86.Build.0 = Debug|Any CPU
		{5490CA79-544A-4A4A-AF49-5119C36CDC12}.Debug|Any CPU.ActiveCfg = Debug|Any CPU
		{5490CA79-544A-4A4A-AF49-5119C36CDC12}.Debug|Any CPU.Build.0 = Debug|Any CPU
		{5490CA79-544A-4A4A-AF49-5119C36CDC12}.Debug|Mixed Platforms.ActiveCfg = Debug|Any CPU
		{5490CA79-544A-4A4A-AF49-5119C36CDC12}.Debug|Mixed Platforms.Build.0 = Debug|Any CPU
		{5490CA79-544A-4A4A-AF49-5119C36CDC12}.Debug|x86.ActiveCfg = Debug|Any CPU
		{5490CA79-544A-4A4A-AF49-5119C36CDC12}.Debug|x86.Build.0 = Debug|Any CPU
		{5490CA79-544A-4A4A-AF49-5119C36CDC12}.Release|Any CPU.ActiveCfg = Release|Any CPU
		{5490CA79-544A-4A4A-AF49-5119C36CDC12}.Release|Any CPU.Build.0 = Release|Any CPU
		{5490CA79-544A-4A4A-AF49-5119C36CDC12}.Release|Mixed Platforms.ActiveCfg = Release|Any CPU
		{5490CA79-544A-4A4A-AF49-5119C36CDC12}.Release|Mixed Platforms.Build.0 = Release|Any CPU
		{5490CA79-544A-4A4A-AF49-5119C36CDC12}.Release|x86.ActiveCfg = Release|Any CPU
		{5490CA79-544A-4A4A-AF49-5119C36CDC12}.Release|x86.Build.0 = Release|Any CPU
		{5490CA79-544A-4A4A-AF49-5119C36CDC12}.Ultimo|Any CPU.ActiveCfg = Debug|Any CPU
		{5490CA79-544A-4A4A-AF49-5119C36CDC12}.Ultimo|Any CPU.Build.0 = Debug|Any CPU
		{5490CA79-544A-4A4A-AF49-5119C36CDC12}.Ultimo|Mixed Platforms.ActiveCfg = Debug|Any CPU
		{5490CA79-544A-4A4A-AF49-5119C36CDC12}.Ultimo|Mixed Platforms.Build.0 = Debug|Any CPU
		{5490CA79-544A-4A4A-AF49-5119C36CDC12}.Ultimo|x86.ActiveCfg = Debug|Any CPU
		{5490CA79-544A-4A4A-AF49-5119C36CDC12}.Ultimo|x86.Build.0 = Debug|Any CPU
		{0E70DB64-FBDF-4A4C-916D-9F2F1B9348B1}.Debug|Any CPU.ActiveCfg = Debug|Any CPU
		{0E70DB64-FBDF-4A4C-916D-9F2F1B9348B1}.Debug|Any CPU.Build.0 = Debug|Any CPU
		{0E70DB64-FBDF-4A4C-916D-9F2F1B9348B1}.Debug|Mixed Platforms.ActiveCfg = Debug|Any CPU
		{0E70DB64-FBDF-4A4C-916D-9F2F1B9348B1}.Debug|Mixed Platforms.Build.0 = Debug|Any CPU
		{0E70DB64-FBDF-4A4C-916D-9F2F1B9348B1}.Debug|x86.ActiveCfg = Debug|Any CPU
		{0E70DB64-FBDF-4A4C-916D-9F2F1B9348B1}.Debug|x86.Build.0 = Debug|Any CPU
		{0E70DB64-FBDF-4A4C-916D-9F2F1B9348B1}.Release|Any CPU.ActiveCfg = Release|Any CPU
		{0E70DB64-FBDF-4A4C-916D-9F2F1B9348B1}.Release|Any CPU.Build.0 = Release|Any CPU
		{0E70DB64-FBDF-4A4C-916D-9F2F1B9348B1}.Release|Mixed Platforms.ActiveCfg = Release|Any CPU
		{0E70DB64-FBDF-4A4C-916D-9F2F1B9348B1}.Release|Mixed Platforms.Build.0 = Release|Any CPU
		{0E70DB64-FBDF-4A4C-916D-9F2F1B9348B1}.Release|x86.ActiveCfg = Release|Any CPU
		{0E70DB64-FBDF-4A4C-916D-9F2F1B9348B1}.Release|x86.Build.0 = Release|Any CPU
		{0E70DB64-FBDF-4A4C-916D-9F2F1B9348B1}.Ultimo|Any CPU.ActiveCfg = Debug|Any CPU
		{0E70DB64-FBDF-4A4C-916D-9F2F1B9348B1}.Ultimo|Any CPU.Build.0 = Debug|Any CPU
		{0E70DB64-FBDF-4A4C-916D-9F2F1B9348B1}.Ultimo|Mixed Platforms.ActiveCfg = Debug|Any CPU
		{0E70DB64-FBDF-4A4C-916D-9F2F1B9348B1}.Ultimo|Mixed Platforms.Build.0 = Debug|Any CPU
		{0E70DB64-FBDF-4A4C-916D-9F2F1B9348B1}.Ultimo|x86.ActiveCfg = Debug|Any CPU
		{0E70DB64-FBDF-4A4C-916D-9F2F1B9348B1}.Ultimo|x86.Build.0 = Debug|Any CPU
		{E1215B56-3E03-4F08-BB39-F584D7017178}.Debug|Any CPU.ActiveCfg = Debug|Any CPU
		{E1215B56-3E03-4F08-BB39-F584D7017178}.Debug|Any CPU.Build.0 = Debug|Any CPU
		{E1215B56-3E03-4F08-BB39-F584D7017178}.Debug|Mixed Platforms.ActiveCfg = Debug|Any CPU
		{E1215B56-3E03-4F08-BB39-F584D7017178}.Debug|Mixed Platforms.Build.0 = Debug|Any CPU
		{E1215B56-3E03-4F08-BB39-F584D7017178}.Debug|x86.ActiveCfg = Debug|Any CPU
		{E1215B56-3E03-4F08-BB39-F584D7017178}.Debug|x86.Build.0 = Debug|Any CPU
		{E1215B56-3E03-4F08-BB39-F584D7017178}.Release|Any CPU.ActiveCfg = Release|Any CPU
		{E1215B56-3E03-4F08-BB39-F584D7017178}.Release|Any CPU.Build.0 = Release|Any CPU
		{E1215B56-3E03-4F08-BB39-F584D7017178}.Release|Mixed Platforms.ActiveCfg = Release|Any CPU
		{E1215B56-3E03-4F08-BB39-F584D7017178}.Release|Mixed Platforms.Build.0 = Release|Any CPU
		{E1215B56-3E03-4F08-BB39-F584D7017178}.Release|x86.ActiveCfg = Release|Any CPU
		{E1215B56-3E03-4F08-BB39-F584D7017178}.Release|x86.Build.0 = Release|Any CPU
		{E1215B56-3E03-4F08-BB39-F584D7017178}.Ultimo|Any CPU.ActiveCfg = Debug|Any CPU
		{E1215B56-3E03-4F08-BB39-F584D7017178}.Ultimo|Any CPU.Build.0 = Debug|Any CPU
		{E1215B56-3E03-4F08-BB39-F584D7017178}.Ultimo|Mixed Platforms.ActiveCfg = Debug|Any CPU
		{E1215B56-3E03-4F08-BB39-F584D7017178}.Ultimo|Mixed Platforms.Build.0 = Debug|Any CPU
		{E1215B56-3E03-4F08-BB39-F584D7017178}.Ultimo|x86.ActiveCfg = Debug|Any CPU
		{E1215B56-3E03-4F08-BB39-F584D7017178}.Ultimo|x86.Build.0 = Debug|Any CPU
		{E5191932-C81B-42DB-B2DB-425E69EF2423}.Debug|Any CPU.ActiveCfg = Debug|Any CPU
		{E5191932-C81B-42DB-B2DB-425E69EF2423}.Debug|Any CPU.Build.0 = Debug|Any CPU
		{E5191932-C81B-42DB-B2DB-425E69EF2423}.Debug|Mixed Platforms.ActiveCfg = Debug|Any CPU
		{E5191932-C81B-42DB-B2DB-425E69EF2423}.Debug|Mixed Platforms.Build.0 = Debug|Any CPU
		{E5191932-C81B-42DB-B2DB-425E69EF2423}.Debug|x86.ActiveCfg = Debug|Any CPU
		{E5191932-C81B-42DB-B2DB-425E69EF2423}.Debug|x86.Build.0 = Debug|Any CPU
		{E5191932-C81B-42DB-B2DB-425E69EF2423}.Release|Any CPU.ActiveCfg = Release|Any CPU
		{E5191932-C81B-42DB-B2DB-425E69EF2423}.Release|Any CPU.Build.0 = Release|Any CPU
		{E5191932-C81B-42DB-B2DB-425E69EF2423}.Release|Mixed Platforms.ActiveCfg = Release|Any CPU
		{E5191932-C81B-42DB-B2DB-425E69EF2423}.Release|Mixed Platforms.Build.0 = Release|Any CPU
		{E5191932-C81B-42DB-B2DB-425E69EF2423}.Release|x86.ActiveCfg = Release|Any CPU
		{E5191932-C81B-42DB-B2DB-425E69EF2423}.Release|x86.Build.0 = Release|Any CPU
		{E5191932-C81B-42DB-B2DB-425E69EF2423}.Ultimo|Any CPU.ActiveCfg = Debug|Any CPU
		{E5191932-C81B-42DB-B2DB-425E69EF2423}.Ultimo|Any CPU.Build.0 = Debug|Any CPU
		{E5191932-C81B-42DB-B2DB-425E69EF2423}.Ultimo|Mixed Platforms.ActiveCfg = Debug|Any CPU
		{E5191932-C81B-42DB-B2DB-425E69EF2423}.Ultimo|Mixed Platforms.Build.0 = Debug|Any CPU
		{E5191932-C81B-42DB-B2DB-425E69EF2423}.Ultimo|x86.ActiveCfg = Debug|Any CPU
		{E5191932-C81B-42DB-B2DB-425E69EF2423}.Ultimo|x86.Build.0 = Debug|Any CPU
		{27DEE217-EF0B-4B88-8213-E2F600BF258C}.Debug|Any CPU.ActiveCfg = Debug|Any CPU
		{27DEE217-EF0B-4B88-8213-E2F600BF258C}.Debug|Any CPU.Build.0 = Debug|Any CPU
		{27DEE217-EF0B-4B88-8213-E2F600BF258C}.Debug|Mixed Platforms.ActiveCfg = Debug|Any CPU
		{27DEE217-EF0B-4B88-8213-E2F600BF258C}.Debug|Mixed Platforms.Build.0 = Debug|Any CPU
		{27DEE217-EF0B-4B88-8213-E2F600BF258C}.Debug|x86.ActiveCfg = Debug|Any CPU
		{27DEE217-EF0B-4B88-8213-E2F600BF258C}.Debug|x86.Build.0 = Debug|Any CPU
		{27DEE217-EF0B-4B88-8213-E2F600BF258C}.Release|Any CPU.ActiveCfg = Release|Any CPU
		{27DEE217-EF0B-4B88-8213-E2F600BF258C}.Release|Any CPU.Build.0 = Release|Any CPU
		{27DEE217-EF0B-4B88-8213-E2F600BF258C}.Release|Mixed Platforms.ActiveCfg = Release|Any CPU
		{27DEE217-EF0B-4B88-8213-E2F600BF258C}.Release|Mixed Platforms.Build.0 = Release|Any CPU
		{27DEE217-EF0B-4B88-8213-E2F600BF258C}.Release|x86.ActiveCfg = Release|Any CPU
		{27DEE217-EF0B-4B88-8213-E2F600BF258C}.Release|x86.Build.0 = Release|Any CPU
		{27DEE217-EF0B-4B88-8213-E2F600BF258C}.Ultimo|Any CPU.ActiveCfg = Debug|Any CPU
		{27DEE217-EF0B-4B88-8213-E2F600BF258C}.Ultimo|Any CPU.Build.0 = Debug|Any CPU
		{27DEE217-EF0B-4B88-8213-E2F600BF258C}.Ultimo|Mixed Platforms.ActiveCfg = Debug|Any CPU
		{27DEE217-EF0B-4B88-8213-E2F600BF258C}.Ultimo|Mixed Platforms.Build.0 = Debug|Any CPU
		{27DEE217-EF0B-4B88-8213-E2F600BF258C}.Ultimo|x86.ActiveCfg = Debug|Any CPU
		{27DEE217-EF0B-4B88-8213-E2F600BF258C}.Ultimo|x86.Build.0 = Debug|Any CPU
		{3DF2A6A8-B309-44DB-B466-520D4AA22E8A}.Debug|Any CPU.ActiveCfg = Debug|Any CPU
		{3DF2A6A8-B309-44DB-B466-520D4AA22E8A}.Debug|Any CPU.Build.0 = Debug|Any CPU
		{3DF2A6A8-B309-44DB-B466-520D4AA22E8A}.Debug|Mixed Platforms.ActiveCfg = Debug|Any CPU
		{3DF2A6A8-B309-44DB-B466-520D4AA22E8A}.Debug|Mixed Platforms.Build.0 = Debug|Any CPU
		{3DF2A6A8-B309-44DB-B466-520D4AA22E8A}.Debug|x86.ActiveCfg = Debug|Any CPU
		{3DF2A6A8-B309-44DB-B466-520D4AA22E8A}.Debug|x86.Build.0 = Debug|Any CPU
		{3DF2A6A8-B309-44DB-B466-520D4AA22E8A}.Release|Any CPU.ActiveCfg = Release|Any CPU
		{3DF2A6A8-B309-44DB-B466-520D4AA22E8A}.Release|Any CPU.Build.0 = Release|Any CPU
		{3DF2A6A8-B309-44DB-B466-520D4AA22E8A}.Release|Mixed Platforms.ActiveCfg = Release|Any CPU
		{3DF2A6A8-B309-44DB-B466-520D4AA22E8A}.Release|Mixed Platforms.Build.0 = Release|Any CPU
		{3DF2A6A8-B309-44DB-B466-520D4AA22E8A}.Release|x86.ActiveCfg = Release|Any CPU
		{3DF2A6A8-B309-44DB-B466-520D4AA22E8A}.Release|x86.Build.0 = Release|Any CPU
		{3DF2A6A8-B309-44DB-B466-520D4AA22E8A}.Ultimo|Any CPU.ActiveCfg = Debug|Any CPU
		{3DF2A6A8-B309-44DB-B466-520D4AA22E8A}.Ultimo|Any CPU.Build.0 = Debug|Any CPU
		{3DF2A6A8-B309-44DB-B466-520D4AA22E8A}.Ultimo|Mixed Platforms.ActiveCfg = Debug|Any CPU
		{3DF2A6A8-B309-44DB-B466-520D4AA22E8A}.Ultimo|Mixed Platforms.Build.0 = Debug|Any CPU
		{3DF2A6A8-B309-44DB-B466-520D4AA22E8A}.Ultimo|x86.ActiveCfg = Debug|Any CPU
		{3DF2A6A8-B309-44DB-B466-520D4AA22E8A}.Ultimo|x86.Build.0 = Debug|Any CPU
		{AE78F671-0B99-479D-87ED-1D3E7AF73038}.Debug|Any CPU.ActiveCfg = Debug|Any CPU
		{AE78F671-0B99-479D-87ED-1D3E7AF73038}.Debug|Any CPU.Build.0 = Debug|Any CPU
		{AE78F671-0B99-479D-87ED-1D3E7AF73038}.Debug|Mixed Platforms.ActiveCfg = Debug|Any CPU
		{AE78F671-0B99-479D-87ED-1D3E7AF73038}.Debug|Mixed Platforms.Build.0 = Debug|Any CPU
		{AE78F671-0B99-479D-87ED-1D3E7AF73038}.Debug|x86.ActiveCfg = Debug|Any CPU
		{AE78F671-0B99-479D-87ED-1D3E7AF73038}.Debug|x86.Build.0 = Debug|Any CPU
		{AE78F671-0B99-479D-87ED-1D3E7AF73038}.Release|Any CPU.ActiveCfg = Release|Any CPU
		{AE78F671-0B99-479D-87ED-1D3E7AF73038}.Release|Any CPU.Build.0 = Release|Any CPU
		{AE78F671-0B99-479D-87ED-1D3E7AF73038}.Release|Mixed Platforms.ActiveCfg = Release|Any CPU
		{AE78F671-0B99-479D-87ED-1D3E7AF73038}.Release|Mixed Platforms.Build.0 = Release|Any CPU
		{AE78F671-0B99-479D-87ED-1D3E7AF73038}.Release|x86.ActiveCfg = Release|Any CPU
		{AE78F671-0B99-479D-87ED-1D3E7AF73038}.Release|x86.Build.0 = Release|Any CPU
		{AE78F671-0B99-479D-87ED-1D3E7AF73038}.Ultimo|Any CPU.ActiveCfg = Debug|Any CPU
		{AE78F671-0B99-479D-87ED-1D3E7AF73038}.Ultimo|Any CPU.Build.0 = Debug|Any CPU
		{AE78F671-0B99-479D-87ED-1D3E7AF73038}.Ultimo|Mixed Platforms.ActiveCfg = Debug|Any CPU
		{AE78F671-0B99-479D-87ED-1D3E7AF73038}.Ultimo|Mixed Platforms.Build.0 = Debug|Any CPU
		{AE78F671-0B99-479D-87ED-1D3E7AF73038}.Ultimo|x86.ActiveCfg = Debug|Any CPU
		{AE78F671-0B99-479D-87ED-1D3E7AF73038}.Ultimo|x86.Build.0 = Debug|Any CPU
		{C2491DC1-92B4-446C-A960-748A87BA0AD3}.Debug|Any CPU.ActiveCfg = Debug|Any CPU
		{C2491DC1-92B4-446C-A960-748A87BA0AD3}.Debug|Any CPU.Build.0 = Debug|Any CPU
		{C2491DC1-92B4-446C-A960-748A87BA0AD3}.Debug|Mixed Platforms.ActiveCfg = Debug|Any CPU
		{C2491DC1-92B4-446C-A960-748A87BA0AD3}.Debug|Mixed Platforms.Build.0 = Debug|Any CPU
		{C2491DC1-92B4-446C-A960-748A87BA0AD3}.Debug|x86.ActiveCfg = Debug|Any CPU
		{C2491DC1-92B4-446C-A960-748A87BA0AD3}.Debug|x86.Build.0 = Debug|Any CPU
		{C2491DC1-92B4-446C-A960-748A87BA0AD3}.Release|Any CPU.ActiveCfg = Release|Any CPU
		{C2491DC1-92B4-446C-A960-748A87BA0AD3}.Release|Any CPU.Build.0 = Release|Any CPU
		{C2491DC1-92B4-446C-A960-748A87BA0AD3}.Release|Mixed Platforms.ActiveCfg = Release|Any CPU
		{C2491DC1-92B4-446C-A960-748A87BA0AD3}.Release|Mixed Platforms.Build.0 = Release|Any CPU
		{C2491DC1-92B4-446C-A960-748A87BA0AD3}.Release|x86.ActiveCfg = Release|Any CPU
		{C2491DC1-92B4-446C-A960-748A87BA0AD3}.Release|x86.Build.0 = Release|Any CPU
		{C2491DC1-92B4-446C-A960-748A87BA0AD3}.Ultimo|Any CPU.ActiveCfg = Debug|Any CPU
		{C2491DC1-92B4-446C-A960-748A87BA0AD3}.Ultimo|Any CPU.Build.0 = Debug|Any CPU
		{C2491DC1-92B4-446C-A960-748A87BA0AD3}.Ultimo|Mixed Platforms.ActiveCfg = Debug|Any CPU
		{C2491DC1-92B4-446C-A960-748A87BA0AD3}.Ultimo|Mixed Platforms.Build.0 = Debug|Any CPU
		{C2491DC1-92B4-446C-A960-748A87BA0AD3}.Ultimo|x86.ActiveCfg = Debug|Any CPU
		{C2491DC1-92B4-446C-A960-748A87BA0AD3}.Ultimo|x86.Build.0 = Debug|Any CPU
		{00F2B827-EFA0-436E-B324-601F51D392AC}.Debug|Any CPU.ActiveCfg = Debug|Any CPU
		{00F2B827-EFA0-436E-B324-601F51D392AC}.Debug|Any CPU.Build.0 = Debug|Any CPU
		{00F2B827-EFA0-436E-B324-601F51D392AC}.Debug|Mixed Platforms.ActiveCfg = Debug|Any CPU
		{00F2B827-EFA0-436E-B324-601F51D392AC}.Debug|Mixed Platforms.Build.0 = Debug|Any CPU
		{00F2B827-EFA0-436E-B324-601F51D392AC}.Debug|x86.ActiveCfg = Debug|Any CPU
		{00F2B827-EFA0-436E-B324-601F51D392AC}.Debug|x86.Build.0 = Debug|Any CPU
		{00F2B827-EFA0-436E-B324-601F51D392AC}.Release|Any CPU.ActiveCfg = Release|Any CPU
		{00F2B827-EFA0-436E-B324-601F51D392AC}.Release|Any CPU.Build.0 = Release|Any CPU
		{00F2B827-EFA0-436E-B324-601F51D392AC}.Release|Mixed Platforms.ActiveCfg = Release|Any CPU
		{00F2B827-EFA0-436E-B324-601F51D392AC}.Release|Mixed Platforms.Build.0 = Release|Any CPU
		{00F2B827-EFA0-436E-B324-601F51D392AC}.Release|x86.ActiveCfg = Release|Any CPU
		{00F2B827-EFA0-436E-B324-601F51D392AC}.Release|x86.Build.0 = Release|Any CPU
		{00F2B827-EFA0-436E-B324-601F51D392AC}.Ultimo|Any CPU.ActiveCfg = Debug|Any CPU
		{00F2B827-EFA0-436E-B324-601F51D392AC}.Ultimo|Any CPU.Build.0 = Debug|Any CPU
		{00F2B827-EFA0-436E-B324-601F51D392AC}.Ultimo|Mixed Platforms.ActiveCfg = Debug|Any CPU
		{00F2B827-EFA0-436E-B324-601F51D392AC}.Ultimo|Mixed Platforms.Build.0 = Debug|Any CPU
		{00F2B827-EFA0-436E-B324-601F51D392AC}.Ultimo|x86.ActiveCfg = Debug|Any CPU
		{00F2B827-EFA0-436E-B324-601F51D392AC}.Ultimo|x86.Build.0 = Debug|Any CPU
		{2E314CA6-F34E-4EC9-97D4-C7B06961A33B}.Debug|Any CPU.ActiveCfg = Debug|Any CPU
		{2E314CA6-F34E-4EC9-97D4-C7B06961A33B}.Debug|Any CPU.Build.0 = Debug|Any CPU
		{2E314CA6-F34E-4EC9-97D4-C7B06961A33B}.Debug|Mixed Platforms.ActiveCfg = Debug|Any CPU
		{2E314CA6-F34E-4EC9-97D4-C7B06961A33B}.Debug|Mixed Platforms.Build.0 = Debug|Any CPU
		{2E314CA6-F34E-4EC9-97D4-C7B06961A33B}.Debug|x86.ActiveCfg = Debug|Any CPU
		{2E314CA6-F34E-4EC9-97D4-C7B06961A33B}.Debug|x86.Build.0 = Debug|Any CPU
		{2E314CA6-F34E-4EC9-97D4-C7B06961A33B}.Release|Any CPU.ActiveCfg = Release|Any CPU
		{2E314CA6-F34E-4EC9-97D4-C7B06961A33B}.Release|Any CPU.Build.0 = Release|Any CPU
		{2E314CA6-F34E-4EC9-97D4-C7B06961A33B}.Release|Mixed Platforms.ActiveCfg = Release|Any CPU
		{2E314CA6-F34E-4EC9-97D4-C7B06961A33B}.Release|Mixed Platforms.Build.0 = Release|Any CPU
		{2E314CA6-F34E-4EC9-97D4-C7B06961A33B}.Release|x86.ActiveCfg = Release|Any CPU
		{2E314CA6-F34E-4EC9-97D4-C7B06961A33B}.Release|x86.Build.0 = Release|Any CPU
		{2E314CA6-F34E-4EC9-97D4-C7B06961A33B}.Ultimo|Any CPU.ActiveCfg = Debug|Any CPU
		{2E314CA6-F34E-4EC9-97D4-C7B06961A33B}.Ultimo|Any CPU.Build.0 = Debug|Any CPU
		{2E314CA6-F34E-4EC9-97D4-C7B06961A33B}.Ultimo|Mixed Platforms.ActiveCfg = Debug|Any CPU
		{2E314CA6-F34E-4EC9-97D4-C7B06961A33B}.Ultimo|Mixed Platforms.Build.0 = Debug|Any CPU
		{2E314CA6-F34E-4EC9-97D4-C7B06961A33B}.Ultimo|x86.ActiveCfg = Debug|Any CPU
		{2E314CA6-F34E-4EC9-97D4-C7B06961A33B}.Ultimo|x86.Build.0 = Debug|Any CPU
		{4CC31E3D-5FA9-46CA-82E9-0B62B8EF7FC6}.Debug|Any CPU.ActiveCfg = Debug|Any CPU
		{4CC31E3D-5FA9-46CA-82E9-0B62B8EF7FC6}.Debug|Any CPU.Build.0 = Debug|Any CPU
		{4CC31E3D-5FA9-46CA-82E9-0B62B8EF7FC6}.Debug|Mixed Platforms.ActiveCfg = Debug|Any CPU
		{4CC31E3D-5FA9-46CA-82E9-0B62B8EF7FC6}.Debug|Mixed Platforms.Build.0 = Debug|Any CPU
		{4CC31E3D-5FA9-46CA-82E9-0B62B8EF7FC6}.Debug|x86.ActiveCfg = Debug|Any CPU
		{4CC31E3D-5FA9-46CA-82E9-0B62B8EF7FC6}.Debug|x86.Build.0 = Debug|Any CPU
		{4CC31E3D-5FA9-46CA-82E9-0B62B8EF7FC6}.Release|Any CPU.ActiveCfg = Release|Any CPU
		{4CC31E3D-5FA9-46CA-82E9-0B62B8EF7FC6}.Release|Any CPU.Build.0 = Release|Any CPU
		{4CC31E3D-5FA9-46CA-82E9-0B62B8EF7FC6}.Release|Mixed Platforms.ActiveCfg = Release|Any CPU
		{4CC31E3D-5FA9-46CA-82E9-0B62B8EF7FC6}.Release|Mixed Platforms.Build.0 = Release|Any CPU
		{4CC31E3D-5FA9-46CA-82E9-0B62B8EF7FC6}.Release|x86.ActiveCfg = Release|Any CPU
		{4CC31E3D-5FA9-46CA-82E9-0B62B8EF7FC6}.Release|x86.Build.0 = Release|Any CPU
		{4CC31E3D-5FA9-46CA-82E9-0B62B8EF7FC6}.Ultimo|Any CPU.ActiveCfg = Debug|Any CPU
		{4CC31E3D-5FA9-46CA-82E9-0B62B8EF7FC6}.Ultimo|Any CPU.Build.0 = Debug|Any CPU
		{4CC31E3D-5FA9-46CA-82E9-0B62B8EF7FC6}.Ultimo|Mixed Platforms.ActiveCfg = Debug|Any CPU
		{4CC31E3D-5FA9-46CA-82E9-0B62B8EF7FC6}.Ultimo|Mixed Platforms.Build.0 = Debug|Any CPU
		{4CC31E3D-5FA9-46CA-82E9-0B62B8EF7FC6}.Ultimo|x86.ActiveCfg = Debug|Any CPU
		{4CC31E3D-5FA9-46CA-82E9-0B62B8EF7FC6}.Ultimo|x86.Build.0 = Debug|Any CPU
		{D622CEAC-7AB8-41B1-B804-36CE0E1AAE0A}.Debug|Any CPU.ActiveCfg = Debug|Any CPU
		{D622CEAC-7AB8-41B1-B804-36CE0E1AAE0A}.Debug|Any CPU.Build.0 = Debug|Any CPU
		{D622CEAC-7AB8-41B1-B804-36CE0E1AAE0A}.Debug|Mixed Platforms.ActiveCfg = Debug|Any CPU
		{D622CEAC-7AB8-41B1-B804-36CE0E1AAE0A}.Debug|Mixed Platforms.Build.0 = Debug|Any CPU
		{D622CEAC-7AB8-41B1-B804-36CE0E1AAE0A}.Debug|x86.ActiveCfg = Debug|Any CPU
		{D622CEAC-7AB8-41B1-B804-36CE0E1AAE0A}.Debug|x86.Build.0 = Debug|Any CPU
		{D622CEAC-7AB8-41B1-B804-36CE0E1AAE0A}.Release|Any CPU.ActiveCfg = Release|Any CPU
		{D622CEAC-7AB8-41B1-B804-36CE0E1AAE0A}.Release|Any CPU.Build.0 = Release|Any CPU
		{D622CEAC-7AB8-41B1-B804-36CE0E1AAE0A}.Release|Mixed Platforms.ActiveCfg = Release|Any CPU
		{D622CEAC-7AB8-41B1-B804-36CE0E1AAE0A}.Release|Mixed Platforms.Build.0 = Release|Any CPU
		{D622CEAC-7AB8-41B1-B804-36CE0E1AAE0A}.Release|x86.ActiveCfg = Release|Any CPU
		{D622CEAC-7AB8-41B1-B804-36CE0E1AAE0A}.Release|x86.Build.0 = Release|Any CPU
		{D622CEAC-7AB8-41B1-B804-36CE0E1AAE0A}.Ultimo|Any CPU.ActiveCfg = Debug|Any CPU
		{D622CEAC-7AB8-41B1-B804-36CE0E1AAE0A}.Ultimo|Any CPU.Build.0 = Debug|Any CPU
		{D622CEAC-7AB8-41B1-B804-36CE0E1AAE0A}.Ultimo|Mixed Platforms.ActiveCfg = Debug|Any CPU
		{D622CEAC-7AB8-41B1-B804-36CE0E1AAE0A}.Ultimo|Mixed Platforms.Build.0 = Debug|Any CPU
		{D622CEAC-7AB8-41B1-B804-36CE0E1AAE0A}.Ultimo|x86.ActiveCfg = Debug|Any CPU
		{D622CEAC-7AB8-41B1-B804-36CE0E1AAE0A}.Ultimo|x86.Build.0 = Debug|Any CPU
		{FC719A5D-2E09-424A-9320-CD101D6BD040}.Debug|Any CPU.ActiveCfg = Debug|Any CPU
		{FC719A5D-2E09-424A-9320-CD101D6BD040}.Debug|Any CPU.Build.0 = Debug|Any CPU
		{FC719A5D-2E09-424A-9320-CD101D6BD040}.Debug|Mixed Platforms.ActiveCfg = Debug|Any CPU
		{FC719A5D-2E09-424A-9320-CD101D6BD040}.Debug|Mixed Platforms.Build.0 = Debug|Any CPU
		{FC719A5D-2E09-424A-9320-CD101D6BD040}.Debug|x86.ActiveCfg = Debug|Any CPU
		{FC719A5D-2E09-424A-9320-CD101D6BD040}.Debug|x86.Build.0 = Debug|Any CPU
		{FC719A5D-2E09-424A-9320-CD101D6BD040}.Release|Any CPU.ActiveCfg = Release|Any CPU
		{FC719A5D-2E09-424A-9320-CD101D6BD040}.Release|Any CPU.Build.0 = Release|Any CPU
		{FC719A5D-2E09-424A-9320-CD101D6BD040}.Release|Mixed Platforms.ActiveCfg = Release|Any CPU
		{FC719A5D-2E09-424A-9320-CD101D6BD040}.Release|Mixed Platforms.Build.0 = Release|Any CPU
		{FC719A5D-2E09-424A-9320-CD101D6BD040}.Release|x86.ActiveCfg = Release|Any CPU
		{FC719A5D-2E09-424A-9320-CD101D6BD040}.Release|x86.Build.0 = Release|Any CPU
		{FC719A5D-2E09-424A-9320-CD101D6BD040}.Ultimo|Any CPU.ActiveCfg = Debug|Any CPU
		{FC719A5D-2E09-424A-9320-CD101D6BD040}.Ultimo|Any CPU.Build.0 = Debug|Any CPU
		{FC719A5D-2E09-424A-9320-CD101D6BD040}.Ultimo|Mixed Platforms.ActiveCfg = Debug|Any CPU
		{FC719A5D-2E09-424A-9320-CD101D6BD040}.Ultimo|Mixed Platforms.Build.0 = Debug|Any CPU
		{FC719A5D-2E09-424A-9320-CD101D6BD040}.Ultimo|x86.ActiveCfg = Debug|Any CPU
		{FC719A5D-2E09-424A-9320-CD101D6BD040}.Ultimo|x86.Build.0 = Debug|Any CPU
		{D361EB19-72F4-4C87-8EF1-197FC2230B74}.Debug|Any CPU.ActiveCfg = Debug|Any CPU
		{D361EB19-72F4-4C87-8EF1-197FC2230B74}.Debug|Any CPU.Build.0 = Debug|Any CPU
		{D361EB19-72F4-4C87-8EF1-197FC2230B74}.Debug|Mixed Platforms.ActiveCfg = Debug|Any CPU
		{D361EB19-72F4-4C87-8EF1-197FC2230B74}.Debug|Mixed Platforms.Build.0 = Debug|Any CPU
		{D361EB19-72F4-4C87-8EF1-197FC2230B74}.Debug|x86.ActiveCfg = Debug|Any CPU
		{D361EB19-72F4-4C87-8EF1-197FC2230B74}.Debug|x86.Build.0 = Debug|Any CPU
		{D361EB19-72F4-4C87-8EF1-197FC2230B74}.Release|Any CPU.ActiveCfg = Release|Any CPU
		{D361EB19-72F4-4C87-8EF1-197FC2230B74}.Release|Any CPU.Build.0 = Release|Any CPU
		{D361EB19-72F4-4C87-8EF1-197FC2230B74}.Release|Mixed Platforms.ActiveCfg = Release|Any CPU
		{D361EB19-72F4-4C87-8EF1-197FC2230B74}.Release|Mixed Platforms.Build.0 = Release|Any CPU
		{D361EB19-72F4-4C87-8EF1-197FC2230B74}.Release|x86.ActiveCfg = Release|Any CPU
		{D361EB19-72F4-4C87-8EF1-197FC2230B74}.Release|x86.Build.0 = Release|Any CPU
		{D361EB19-72F4-4C87-8EF1-197FC2230B74}.Ultimo|Any CPU.ActiveCfg = Debug|Any CPU
		{D361EB19-72F4-4C87-8EF1-197FC2230B74}.Ultimo|Any CPU.Build.0 = Debug|Any CPU
		{D361EB19-72F4-4C87-8EF1-197FC2230B74}.Ultimo|Mixed Platforms.ActiveCfg = Debug|Any CPU
		{D361EB19-72F4-4C87-8EF1-197FC2230B74}.Ultimo|Mixed Platforms.Build.0 = Debug|Any CPU
		{D361EB19-72F4-4C87-8EF1-197FC2230B74}.Ultimo|x86.ActiveCfg = Debug|Any CPU
		{D361EB19-72F4-4C87-8EF1-197FC2230B74}.Ultimo|x86.Build.0 = Debug|Any CPU
		{449FADD5-0C25-4C48-8316-C182E86B0052}.Debug|Any CPU.ActiveCfg = Debug|Any CPU
		{449FADD5-0C25-4C48-8316-C182E86B0052}.Debug|Any CPU.Build.0 = Debug|Any CPU
		{449FADD5-0C25-4C48-8316-C182E86B0052}.Debug|Mixed Platforms.ActiveCfg = Debug|Any CPU
		{449FADD5-0C25-4C48-8316-C182E86B0052}.Debug|Mixed Platforms.Build.0 = Debug|Any CPU
		{449FADD5-0C25-4C48-8316-C182E86B0052}.Debug|x86.ActiveCfg = Debug|Any CPU
		{449FADD5-0C25-4C48-8316-C182E86B0052}.Debug|x86.Build.0 = Debug|Any CPU
		{449FADD5-0C25-4C48-8316-C182E86B0052}.Release|Any CPU.ActiveCfg = Release|Any CPU
		{449FADD5-0C25-4C48-8316-C182E86B0052}.Release|Any CPU.Build.0 = Release|Any CPU
		{449FADD5-0C25-4C48-8316-C182E86B0052}.Release|Mixed Platforms.ActiveCfg = Release|Any CPU
		{449FADD5-0C25-4C48-8316-C182E86B0052}.Release|Mixed Platforms.Build.0 = Release|Any CPU
		{449FADD5-0C25-4C48-8316-C182E86B0052}.Release|x86.ActiveCfg = Release|Any CPU
		{449FADD5-0C25-4C48-8316-C182E86B0052}.Release|x86.Build.0 = Release|Any CPU
		{449FADD5-0C25-4C48-8316-C182E86B0052}.Ultimo|Any CPU.ActiveCfg = Debug|Any CPU
		{449FADD5-0C25-4C48-8316-C182E86B0052}.Ultimo|Any CPU.Build.0 = Debug|Any CPU
		{449FADD5-0C25-4C48-8316-C182E86B0052}.Ultimo|Mixed Platforms.ActiveCfg = Debug|Any CPU
		{449FADD5-0C25-4C48-8316-C182E86B0052}.Ultimo|Mixed Platforms.Build.0 = Debug|Any CPU
		{449FADD5-0C25-4C48-8316-C182E86B0052}.Ultimo|x86.ActiveCfg = Debug|Any CPU
		{449FADD5-0C25-4C48-8316-C182E86B0052}.Ultimo|x86.Build.0 = Debug|Any CPU
		{DD159A93-45F9-4A32-BB1B-7D2345CCD514}.Debug|Any CPU.ActiveCfg = Debug|Any CPU
		{DD159A93-45F9-4A32-BB1B-7D2345CCD514}.Debug|Any CPU.Build.0 = Debug|Any CPU
		{DD159A93-45F9-4A32-BB1B-7D2345CCD514}.Debug|Mixed Platforms.ActiveCfg = Debug|Any CPU
		{DD159A93-45F9-4A32-BB1B-7D2345CCD514}.Debug|Mixed Platforms.Build.0 = Debug|Any CPU
		{DD159A93-45F9-4A32-BB1B-7D2345CCD514}.Debug|x86.ActiveCfg = Debug|Any CPU
		{DD159A93-45F9-4A32-BB1B-7D2345CCD514}.Debug|x86.Build.0 = Debug|Any CPU
		{DD159A93-45F9-4A32-BB1B-7D2345CCD514}.Release|Any CPU.ActiveCfg = Release|Any CPU
		{DD159A93-45F9-4A32-BB1B-7D2345CCD514}.Release|Any CPU.Build.0 = Release|Any CPU
		{DD159A93-45F9-4A32-BB1B-7D2345CCD514}.Release|Mixed Platforms.ActiveCfg = Release|Any CPU
		{DD159A93-45F9-4A32-BB1B-7D2345CCD514}.Release|Mixed Platforms.Build.0 = Release|Any CPU
		{DD159A93-45F9-4A32-BB1B-7D2345CCD514}.Release|x86.ActiveCfg = Release|Any CPU
		{DD159A93-45F9-4A32-BB1B-7D2345CCD514}.Release|x86.Build.0 = Release|Any CPU
		{DD159A93-45F9-4A32-BB1B-7D2345CCD514}.Ultimo|Any CPU.ActiveCfg = Debug|Any CPU
		{DD159A93-45F9-4A32-BB1B-7D2345CCD514}.Ultimo|Any CPU.Build.0 = Debug|Any CPU
		{DD159A93-45F9-4A32-BB1B-7D2345CCD514}.Ultimo|Mixed Platforms.ActiveCfg = Debug|Any CPU
		{DD159A93-45F9-4A32-BB1B-7D2345CCD514}.Ultimo|Mixed Platforms.Build.0 = Debug|Any CPU
		{DD159A93-45F9-4A32-BB1B-7D2345CCD514}.Ultimo|x86.ActiveCfg = Debug|Any CPU
		{DD159A93-45F9-4A32-BB1B-7D2345CCD514}.Ultimo|x86.Build.0 = Debug|Any CPU
		{58559956-FB03-4A80-8974-DB64CF8C7080}.Debug|Any CPU.ActiveCfg = Debug|Any CPU
		{58559956-FB03-4A80-8974-DB64CF8C7080}.Debug|Any CPU.Build.0 = Debug|Any CPU
		{58559956-FB03-4A80-8974-DB64CF8C7080}.Debug|Mixed Platforms.ActiveCfg = Debug|Any CPU
		{58559956-FB03-4A80-8974-DB64CF8C7080}.Debug|Mixed Platforms.Build.0 = Debug|Any CPU
		{58559956-FB03-4A80-8974-DB64CF8C7080}.Debug|x86.ActiveCfg = Debug|Any CPU
		{58559956-FB03-4A80-8974-DB64CF8C7080}.Debug|x86.Build.0 = Debug|Any CPU
		{58559956-FB03-4A80-8974-DB64CF8C7080}.Release|Any CPU.ActiveCfg = Release|Any CPU
		{58559956-FB03-4A80-8974-DB64CF8C7080}.Release|Any CPU.Build.0 = Release|Any CPU
		{58559956-FB03-4A80-8974-DB64CF8C7080}.Release|Mixed Platforms.ActiveCfg = Release|Any CPU
		{58559956-FB03-4A80-8974-DB64CF8C7080}.Release|Mixed Platforms.Build.0 = Release|Any CPU
		{58559956-FB03-4A80-8974-DB64CF8C7080}.Release|x86.ActiveCfg = Release|Any CPU
		{58559956-FB03-4A80-8974-DB64CF8C7080}.Release|x86.Build.0 = Release|Any CPU
		{58559956-FB03-4A80-8974-DB64CF8C7080}.Ultimo|Any CPU.ActiveCfg = Debug|Any CPU
		{58559956-FB03-4A80-8974-DB64CF8C7080}.Ultimo|Any CPU.Build.0 = Debug|Any CPU
		{58559956-FB03-4A80-8974-DB64CF8C7080}.Ultimo|Mixed Platforms.ActiveCfg = Debug|Any CPU
		{58559956-FB03-4A80-8974-DB64CF8C7080}.Ultimo|Mixed Platforms.Build.0 = Debug|Any CPU
		{58559956-FB03-4A80-8974-DB64CF8C7080}.Ultimo|x86.ActiveCfg = Debug|Any CPU
		{58559956-FB03-4A80-8974-DB64CF8C7080}.Ultimo|x86.Build.0 = Debug|Any CPU
	EndGlobalSection
	GlobalSection(SolutionProperties) = preSolution
		HideSolutionNode = FALSE
	EndGlobalSection
	GlobalSection(NestedProjects) = preSolution
		{6D5B4BB2-16BF-4751-B45B-6B0FCA77C525} = {9190C7EA-FB34-451B-AA8C-A0880BCE83CE}
		{6A7CB9B7-25F5-4993-8190-F5D2F163FBB2} = {9190C7EA-FB34-451B-AA8C-A0880BCE83CE}
		{A1627593-0FA3-458C-8D6D-C7E50F549588} = {CDA507B9-9AFD-44B1-BCC0-21B5034FFD50}
		{56255C7B-8ECA-438D-A178-B2F5FE4634C8} = {170FA224-E079-4FA4-A4E0-B8BF24351DF6}
		{9C6A9882-0FC6-408B-906C-52C9A25F649C} = {170FA224-E079-4FA4-A4E0-B8BF24351DF6}
		{29DD6C19-30F7-4082-BCFC-7EED7DCFCB06} = {170FA224-E079-4FA4-A4E0-B8BF24351DF6}
		{9431475E-C0E2-44B1-A84F-612C40B76F4D} = {170FA224-E079-4FA4-A4E0-B8BF24351DF6}
		{2A236469-A455-4BD6-8927-527F06463900} = {170FA224-E079-4FA4-A4E0-B8BF24351DF6}
		{7BFC3F74-7753-4FBE-B315-C0A15390C298} = {9190C7EA-FB34-451B-AA8C-A0880BCE83CE}
		{CAADE002-4A8D-43D9-B049-125DD09B5824} = {4F1842F3-924C-4D92-BE79-F57FF9CFEFBF}
		{AA0BAA03-067D-4B5D-9996-F7868EFA6097} = {4F1842F3-924C-4D92-BE79-F57FF9CFEFBF}
		{752D5869-CC12-4CC0-A2B0-DA194F12CCD1} = {170FA224-E079-4FA4-A4E0-B8BF24351DF6}
		{1A949C1F-C09C-46AB-AAE8-FA0BB6E90342} = {9190C7EA-FB34-451B-AA8C-A0880BCE83CE}
		{57F9253C-B4B7-45AC-BC3B-0E1F133A1DEC} = {4F1842F3-924C-4D92-BE79-F57FF9CFEFBF}
		{97D216D6-5E34-4031-A542-A761F2FE5172} = {170FA224-E079-4FA4-A4E0-B8BF24351DF6}
		{077F5A43-5D47-4AC2-B667-4F697142BF06} = {170FA224-E079-4FA4-A4E0-B8BF24351DF6}
		{E24CBA8D-4D89-4061-B224-C57F9D7D976E} = {170FA224-E079-4FA4-A4E0-B8BF24351DF6}
		{BD4DDF2B-7BEA-495C-92F0-21ADFE357CFF} = {170FA224-E079-4FA4-A4E0-B8BF24351DF6}
		{AE724576-72B1-480E-8A90-D5132DAC4010} = {170FA224-E079-4FA4-A4E0-B8BF24351DF6}
		{E25FF06F-BFCA-4E29-A74F-FC1F33213B78} = {170FA224-E079-4FA4-A4E0-B8BF24351DF6}
		{9775B840-1671-421B-9879-9CC1165EC78D} = {170FA224-E079-4FA4-A4E0-B8BF24351DF6}
		{F9871ABE-D88B-457C-91A5-4448E965B325} = {170FA224-E079-4FA4-A4E0-B8BF24351DF6}
		{81E18447-EA66-4F16-8A51-768A0EC10B8B} = {170FA224-E079-4FA4-A4E0-B8BF24351DF6}
		{5490CA79-544A-4A4A-AF49-5119C36CDC12} = {170FA224-E079-4FA4-A4E0-B8BF24351DF6}
		{0E70DB64-FBDF-4A4C-916D-9F2F1B9348B1} = {170FA224-E079-4FA4-A4E0-B8BF24351DF6}
		{E1215B56-3E03-4F08-BB39-F584D7017178} = {9190C7EA-FB34-451B-AA8C-A0880BCE83CE}
		{E5191932-C81B-42DB-B2DB-425E69EF2423} = {9190C7EA-FB34-451B-AA8C-A0880BCE83CE}
		{27DEE217-EF0B-4B88-8213-E2F600BF258C} = {9190C7EA-FB34-451B-AA8C-A0880BCE83CE}
		{3DF2A6A8-B309-44DB-B466-520D4AA22E8A} = {9190C7EA-FB34-451B-AA8C-A0880BCE83CE}
		{AE78F671-0B99-479D-87ED-1D3E7AF73038} = {9190C7EA-FB34-451B-AA8C-A0880BCE83CE}
		{C2491DC1-92B4-446C-A960-748A87BA0AD3} = {9190C7EA-FB34-451B-AA8C-A0880BCE83CE}
		{00F2B827-EFA0-436E-B324-601F51D392AC} = {9190C7EA-FB34-451B-AA8C-A0880BCE83CE}
		{2E314CA6-F34E-4EC9-97D4-C7B06961A33B} = {9190C7EA-FB34-451B-AA8C-A0880BCE83CE}
		{4CC31E3D-5FA9-46CA-82E9-0B62B8EF7FC6} = {9190C7EA-FB34-451B-AA8C-A0880BCE83CE}
		{D622CEAC-7AB8-41B1-B804-36CE0E1AAE0A} = {9190C7EA-FB34-451B-AA8C-A0880BCE83CE}
		{FC719A5D-2E09-424A-9320-CD101D6BD040} = {170FA224-E079-4FA4-A4E0-B8BF24351DF6}
		{D361EB19-72F4-4C87-8EF1-197FC2230B74} = {170FA224-E079-4FA4-A4E0-B8BF24351DF6}
		{449FADD5-0C25-4C48-8316-C182E86B0052} = {9190C7EA-FB34-451B-AA8C-A0880BCE83CE}
		{DD159A93-45F9-4A32-BB1B-7D2345CCD514} = {170FA224-E079-4FA4-A4E0-B8BF24351DF6}
		{58559956-FB03-4A80-8974-DB64CF8C7080} = {9190C7EA-FB34-451B-AA8C-A0880BCE83CE}
	EndGlobalSection
	GlobalSection(ExtensibilityGlobals) = postSolution
		SolutionGuid = {CDC292FA-713B-4C49-A75D-6732EB3AD085}
	EndGlobalSection
	GlobalSection(TeamFoundationVersionControl) = preSolution
		SccNumberOfProjects = 41
		SccEnterpriseProvider = {4CA58AB2-18FA-4F8D-95D4-32DDF27D184C}
		SccTeamFoundationServer = http://64.34.163.109:9090/tfs/dnu_centraladministrativa
		SccLocalPath0 = .
		SccProjectUniqueName1 = Resources\\Apps\\DataAcces\\DALCortador\\DALEventos.csproj
		SccProjectTopLevelParentUniqueName1 = CentralAdministrativa.sln
		SccProjectName1 = Resources/Apps/DataAcces/DALCortador
		SccLocalPath1 = Resources\\Apps\\DataAcces\\DALCortador
		SccProjectUniqueName2 = Resources\\Apps\\DataAcces\\DALPuntoVentaWeb\\DALPuntoVentaWeb.csproj
		SccProjectTopLevelParentUniqueName2 = CentralAdministrativa.sln
		SccProjectName2 = Resources/Apps/DataAcces/DALPuntoVentaWeb
		SccLocalPath2 = Resources\\Apps\\DataAcces\\DALPuntoVentaWeb
		SccProjectUniqueName3 = CentralAdministrativa\\Core\\CentralAdministrativa.csproj
		SccProjectTopLevelParentUniqueName3 = CentralAdministrativa.sln
		SccProjectName3 = CentralAdministrativa/Core
		SccLocalPath3 = CentralAdministrativa\\Core
		SccProjectUniqueName4 = CentralAdministrativa\\Core\\Apps\\Cortador\\Eventos.csproj
		SccProjectTopLevelParentUniqueName4 = CentralAdministrativa.sln
		SccProjectName4 = CentralAdministrativa/Core/Apps/Cortador
		SccLocalPath4 = CentralAdministrativa\\Core\\Apps\\Cortador
		SccProjectUniqueName5 = Resources\\Apps\\DataAcces\\DALAdministracion\\DALAdministracion.csproj
		SccProjectTopLevelParentUniqueName5 = CentralAdministrativa.sln
		SccProjectName5 = Resources/Apps/DataAcces/DALAdministracion
		SccLocalPath5 = Resources\\Apps\\DataAcces\\DALAdministracion
		SccProjectUniqueName6 = Resources\\Plugins\\WebServices\\WebServices.csproj
		SccProjectTopLevelParentUniqueName6 = CentralAdministrativa.sln
		SccProjectName6 = Resources/Plugins/WebServices
		SccLocalPath6 = Resources\\Plugins\\WebServices
		SccProjectUniqueName7 = Resources\\Plugins\\Autenticacion\\Autenticacion.csproj
		SccProjectTopLevelParentUniqueName7 = CentralAdministrativa.sln
		SccProjectName7 = Resources/Plugins/Autenticacion
		SccLocalPath7 = Resources\\Plugins\\Autenticacion
		SccProjectUniqueName8 = CentralAdministrativa\\Core\\Apps\\Empresarial\\Empresarial.csproj
		SccProjectTopLevelParentUniqueName8 = CentralAdministrativa.sln
		SccProjectName8 = CentralAdministrativa/Core/Apps/Empresarial
		SccLocalPath8 = CentralAdministrativa\\Core\\Apps\\Empresarial
		SccProjectUniqueName9 = CentralAdministrativa\\Core\\Apps\\Usuarios\\Usuarios.csproj
		SccProjectTopLevelParentUniqueName9 = CentralAdministrativa.sln
		SccProjectName9 = CentralAdministrativa/Core/Apps/Usuarios
		SccLocalPath9 = CentralAdministrativa\\Core\\Apps\\Usuarios
		SccProjectUniqueName10 = CentralAdministrativa\\Core\\Apps\\PuntoVenta\\PuntoVenta.csproj
		SccProjectTopLevelParentUniqueName10 = CentralAdministrativa.sln
		SccProjectName10 = CentralAdministrativa/Core/Apps/PuntoVenta
		SccLocalPath10 = CentralAdministrativa\\Core\\Apps\\PuntoVenta
		SccProjectUniqueName11 = CentralAdministrativa\\Core\\Apps\\Administracion\\Administracion.csproj
		SccProjectTopLevelParentUniqueName11 = CentralAdministrativa.sln
		SccProjectName11 = CentralAdministrativa/Core/Apps/Administracion
		SccLocalPath11 = CentralAdministrativa\\Core\\Apps\\Administracion
		SccProjectUniqueName12 = CentralAdministrativa\\Core\\Apps\\PreAutorizador\\PreAutorizador.csproj
		SccProjectTopLevelParentUniqueName12 = CentralAdministrativa.sln
		SccProjectName12 = CentralAdministrativa/Core/Apps/PreAutorizador
		SccLocalPath12 = CentralAdministrativa\\Core\\Apps\\PreAutorizador
		SccProjectUniqueName13 = Resources\\Apps\\DataAcces\\DALOperacionesEvertec\\DALOperacionesEvertec.csproj
		SccProjectTopLevelParentUniqueName13 = CentralAdministrativa.sln
		SccProjectName13 = Resources/Apps/DataAcces/DALOperacionesEvertec
		SccLocalPath13 = Resources\\Apps\\DataAcces\\DALOperacionesEvertec
		SccProjectUniqueName14 = Resources\\Plugins\\Utilerias\\Utilerias.csproj
		SccProjectTopLevelParentUniqueName14 = CentralAdministrativa.sln
		SccProjectName14 = Resources/Plugins/Utilerias
		SccLocalPath14 = Resources\\Plugins\\Utilerias
		SccProjectUniqueName15 = CentralAdministrativa\\Core\\Apps\\Facturas\\Facturas.csproj
		SccProjectTopLevelParentUniqueName15 = CentralAdministrativa.sln
		SccProjectName15 = CentralAdministrativa/Core/Apps/Facturas
		SccLocalPath15 = CentralAdministrativa\\Core\\Apps\\Facturas
		SccProjectUniqueName16 = CentralAdministrativa\\Core\\Apps\\Aclaraciones\\Aclaraciones.csproj
		SccProjectTopLevelParentUniqueName16 = CentralAdministrativa.sln
		SccProjectName16 = CentralAdministrativa/Core/Apps/Aclaraciones
		SccLocalPath16 = CentralAdministrativa\\Core\\Apps\\Aclaraciones
		SccProjectUniqueName17 = CentralAdministrativa\\Core\\Apps\\Cajero\\Cajero.csproj
		SccProjectTopLevelParentUniqueName17 = CentralAdministrativa.sln
		SccProjectName17 = CentralAdministrativa/Core/Apps/Cajero
		SccLocalPath17 = CentralAdministrativa\\Core\\Apps\\Cajero
		SccProjectUniqueName18 = CentralAdministrativa\\Core\\Apps\\CentralMovil\\CentralMovil.csproj
		SccProjectTopLevelParentUniqueName18 = CentralAdministrativa.sln
		SccProjectName18 = CentralAdministrativa/Core/Apps/CentralMovil
		SccLocalPath18 = CentralAdministrativa\\Core\\Apps\\CentralMovil
		SccProjectUniqueName19 = CentralAdministrativa\\Core\\Apps\\Certificados\\Certificados.csproj
		SccProjectTopLevelParentUniqueName19 = CentralAdministrativa.sln
		SccProjectName19 = CentralAdministrativa/Core/Apps/Certificados
		SccLocalPath19 = CentralAdministrativa\\Core\\Apps\\Certificados
		SccProjectUniqueName20 = CentralAdministrativa\\Core\\Apps\\ClubEscala\\ClubEscala.csproj
		SccProjectTopLevelParentUniqueName20 = CentralAdministrativa.sln
		SccProjectName20 = CentralAdministrativa/Core/Apps/ClubEscala
		SccLocalPath20 = CentralAdministrativa\\Core\\Apps\\ClubEscala
		SccProjectUniqueName21 = CentralAdministrativa\\Core\\Apps\\ComercioElectronico\\ComercioElectronico.csproj
		SccProjectTopLevelParentUniqueName21 = CentralAdministrativa.sln
		SccProjectName21 = CentralAdministrativa/Core/Apps/ComercioElectronico
		SccLocalPath21 = CentralAdministrativa\\Core\\Apps\\ComercioElectronico
		SccProjectUniqueName22 = CentralAdministrativa\\Core\\Apps\\Lealtad\\Lealtad.csproj
		SccProjectTopLevelParentUniqueName22 = CentralAdministrativa.sln
		SccProjectName22 = CentralAdministrativa/Core/Apps/Lealtad
		SccLocalPath22 = CentralAdministrativa\\Core\\Apps\\Lealtad
		SccProjectUniqueName23 = Resources\\Apps\\DataAcces\\DALAclaraciones\\DALAclaraciones.csproj
		SccProjectTopLevelParentUniqueName23 = CentralAdministrativa.sln
		SccProjectName23 = Resources/Apps/DataAcces/DALAclaraciones
		SccLocalPath23 = Resources\\Apps\\DataAcces\\DALAclaraciones
		SccProjectUniqueName24 = Resources\\Apps\\DataAcces\\DALCajero\\DALCajero.csproj
		SccProjectTopLevelParentUniqueName24 = CentralAdministrativa.sln
		SccProjectName24 = Resources/Apps/DataAcces/DALCajero
		SccLocalPath24 = Resources\\Apps\\DataAcces\\DALCajero
		SccProjectUniqueName25 = Resources\\Apps\\DataAcces\\DALCentralMovil\\DALCentralMovil.csproj
		SccProjectTopLevelParentUniqueName25 = CentralAdministrativa.sln
		SccProjectName25 = Resources/Apps/DataAcces/DALCentralMovil
		SccLocalPath25 = Resources\\Apps\\DataAcces\\DALCentralMovil
		SccProjectUniqueName26 = Resources\\Apps\\DataAcces\\DALCertificados\\DALCertificados.csproj
		SccProjectTopLevelParentUniqueName26 = CentralAdministrativa.sln
		SccProjectName26 = Resources/Apps/DataAcces/DALCertificados
		SccLocalPath26 = Resources\\Apps\\DataAcces\\DALCertificados
		SccProjectUniqueName27 = Resources\\Apps\\DataAcces\\DALClubEscala\\DALClubEscala.csproj
		SccProjectTopLevelParentUniqueName27 = CentralAdministrativa.sln
		SccProjectName27 = Resources/Apps/DataAcces/DALClubEscala
		SccLocalPath27 = Resources\\Apps\\DataAcces\\DALClubEscala
		SccProjectUniqueName28 = Resources\\Apps\\DataAcces\\DALComercioElectronico\\DALComercioElectronico.csproj
		SccProjectTopLevelParentUniqueName28 = CentralAdministrativa.sln
		SccProjectName28 = Resources/Apps/DataAcces/DALComercioElectronico
		SccLocalPath28 = Resources\\Apps\\DataAcces\\DALComercioElectronico
		SccProjectUniqueName29 = Resources\\Apps\\DataAcces\\DALLealtad\\DALLealtad.csproj
		SccProjectTopLevelParentUniqueName29 = CentralAdministrativa.sln
		SccProjectName29 = Resources/Apps/DataAcces/DALLealtad
		SccLocalPath29 = Resources\\Apps\\DataAcces\\DALLealtad
		SccProjectUniqueName30 = Resources\\Apps\\DataAcces\\DALLoyalty\\DALCentroContacto.csproj
		SccProjectTopLevelParentUniqueName30 = CentralAdministrativa.sln
		SccProjectName30 = Resources/Apps/DataAcces/DALLoyalty
		SccLocalPath30 = Resources\\Apps\\DataAcces\\DALLoyalty
		SccProjectUniqueName31 = CentralAdministrativa\\Core\\Apps\\Loyalty\\CentroContacto.csproj
		SccProjectTopLevelParentUniqueName31 = CentralAdministrativa.sln
		SccProjectName31 = CentralAdministrativa/Core/Apps/Loyalty
		SccLocalPath31 = CentralAdministrativa\\Core\\Apps\\Loyalty
		SccProjectUniqueName32 = CentralAdministrativa\\Core\\Apps\\OperadoraWeb\\OperadoraWeb.csproj
		SccProjectTopLevelParentUniqueName32 = CentralAdministrativa.sln
		SccProjectName32 = CentralAdministrativa/Core/Apps/OperadoraWeb
		SccLocalPath32 = CentralAdministrativa\\Core\\Apps\\OperadoraWeb
		SccProjectUniqueName33 = CentralAdministrativa\\Core\\Apps\\ValidacionesBatch\\ValidacionesBatch.csproj
		SccProjectTopLevelParentUniqueName33 = CentralAdministrativa.sln
		SccProjectName33 = CentralAdministrativa/Core/Apps/ValidacionesBatch
		SccLocalPath33 = CentralAdministrativa\\Core\\Apps\\ValidacionesBatch
		SccProjectUniqueName34 = Resources\\Apps\\DataAcces\\DALOperadoraTAE\\DALOperadoraWeb.csproj
		SccProjectTopLevelParentUniqueName34 = CentralAdministrativa.sln
		SccProjectName34 = Resources/Apps/DataAcces/DALOperadoraTAE
		SccLocalPath34 = Resources\\Apps\\DataAcces\\DALOperadoraTAE
		SccProjectUniqueName35 = Resources\\Apps\\DataAcces\\DALValidacionesBatchPPF\\DALValidacionesBatchPPF.csproj
		SccProjectTopLevelParentUniqueName35 = CentralAdministrativa.sln
		SccProjectName35 = Resources/Apps/DataAcces/DALValidacionesBatchPPF
		SccLocalPath35 = Resources\\Apps\\DataAcces\\DALValidacionesBatchPPF
		SccProjectUniqueName36 = Resources\\Apps\\DataAcces\\DALBovedaTarjetas\\DALBovedaTarjetas.csproj
		SccProjectTopLevelParentUniqueName36 = CentralAdministrativa.sln
		SccProjectName36 = Resources/Apps/DataAcces/DALBovedaTarjetas
		SccLocalPath36 = Resources\\Apps\\DataAcces\\DALBovedaTarjetas
		SccProjectUniqueName37 = CentralAdministrativa\\Core\\Apps\\OperacionesEvertec\\OperacionesEvertec.csproj
		SccProjectTopLevelParentUniqueName37 = CentralAdministrativa.sln
		SccProjectName37 = CentralAdministrativa/Core/Apps/OperacionesEvertec
		SccLocalPath37 = CentralAdministrativa\\Core\\Apps\\OperacionesEvertec
		SccProjectUniqueName38 = CentralAdministrativa\\Core\\Apps\\BovedaTarjetas\\BovedaTarjetas.csproj
		SccProjectTopLevelParentUniqueName38 = CentralAdministrativa.sln
		SccProjectName38 = CentralAdministrativa/Core/Apps/BovedaTarjetas
		SccLocalPath38 = CentralAdministrativa\\Core\\Apps\\BovedaTarjetas
		SccProjectUniqueName39 = CentralAdministrativa\\Core\\Apps\\Monitoreo\\Monitoreo.csproj
		SccProjectTopLevelParentUniqueName39 = CentralAdministrativa.sln
		SccProjectName39 = CentralAdministrativa/Core/Apps/Monitoreo
		SccLocalPath39 = CentralAdministrativa\\Core\\Apps\\Monitoreo
		SccProjectUniqueName40 = Resources\\Apps\\DataAcces\\DALMonitoreo\\DALMonitoreo.csproj
		SccProjectTopLevelParentUniqueName40 = CentralAdministrativa.sln
		SccProjectName40 = Resources/Apps/DataAcces/DALMonitoreo
		SccLocalPath40 = Resources\\Apps\\DataAcces\\DALMonitoreo
	EndGlobalSection
	GlobalSection(TeamFoundationVersionControl) = preSolution
		SccNumberOfProjects = 35
		SccEnterpriseProvider = {4CA58AB2-18FA-4F8D-95D4-32DDF27D184C}
		SccTeamFoundationServer = http://64.34.163.109:9090/tfs/dnu_centraladministrativa
		SccLocalPath0 = .
		SccProjectUniqueName1 = Resources\\Apps\\Interfases\\Interfases\\Interfases.csproj
		SccProjectTopLevelParentUniqueName1 = CentralAdministrativa.sln
		SccProjectName1 = Resources/Apps/Interfases/Interfases
		SccLocalPath1 = Resources\\Apps\\Interfases\\Interfases
		SccProjectUniqueName2 = Framework\\Framework.csproj
		SccProjectTopLevelParentUniqueName2 = CentralAdministrativa.sln
		SccProjectName2 = Framework
		SccLocalPath2 = Framework
		SccProjectUniqueName3 = mensajeria\\Mensajeria.csproj
		SccProjectTopLevelParentUniqueName3 = CentralAdministrativa.sln
		SccProjectName3 = mensajeria
		SccLocalPath3 = mensajeria
		SccProjectUniqueName4 = Resources\\Apps\\DataAcces\\DALCentralAdministrativa\\DALCentralAplicaciones.csproj
		SccProjectTopLevelParentUniqueName4 = CentralAdministrativa.sln
		SccProjectName4 = Resources/Apps/DataAcces/DALCentralAdministrativa
		SccLocalPath4 = Resources\\Apps\\DataAcces\\DALCentralAdministrativa
		SccProjectUniqueName5 = Resources\\Apps\\DataAcces\\DALAutorizador\\DALAutorizador.csproj
		SccProjectTopLevelParentUniqueName5 = CentralAdministrativa.sln
		SccProjectName5 = Resources/Apps/DataAcces/DALAutorizador
		SccLocalPath5 = Resources\\Apps\\DataAcces\\DALAutorizador
		SccProjectUniqueName6 = Resources\\Apps\\DataAcces\\DALLoyalty\\DALCentroContacto.csproj
		SccProjectTopLevelParentUniqueName6 = CentralAdministrativa.sln
		SccProjectName6 = Resources/Apps/DataAcces/DALAdministracion
		SccLocalPath6 = Resources\\Apps\\DataAcces\\DALAdministracion
		SccProjectUniqueName7 = Resources\\Apps\\DataAcces\\HSM\\HSM.csproj
		SccProjectTopLevelParentUniqueName7 = CentralAdministrativa.sln
		SccProjectName7 = Resources/Apps/DataAcces/HSM
		SccLocalPath7 = Resources\\Apps\\DataAcces\\HSM
		SccProjectUniqueName8 = CentralAdministrativa\\Core\\Apps\\Administracion\\Administracion.csproj
		SccProjectTopLevelParentUniqueName8 = CentralAdministrativa.sln
		SccProjectName8 = CentralAdministrativa/Core/Apps/Administracion
		SccLocalPath8 = CentralAdministrativa\\Core\\Apps\\Administracion
		SccProjectUniqueName9 = Resources\\Apps\\DataAcces\\DALCajero\\DALCajero.csproj
		SccProjectTopLevelParentUniqueName9 = CentralAdministrativa.sln
		SccProjectName9 = CentralAdministrativa/Core/Apps/Administracion
		SccLocalPath9 = CentralAdministrativa\\Core\\Apps\\Administracion
		SccProjectUniqueName10 = Resources\\Apps\\DataAcces\\DALCajero\\DALCajero.csproj
		SccProjectTopLevelParentUniqueName10 = CentralAdministrativa.sln
		SccProjectName10 = Resources/Apps/DataAcces/DALCajero
		SccLocalPath10 = Resources\\Apps\\DataAcces\\DALCajero
		SccProjectUniqueName11 = Resources\\Apps\\DataAcces\\DALCertificados\\DALCertificados.csproj
		SccProjectTopLevelParentUniqueName11 = CentralAdministrativa.sln
		SccProjectName11 = Resources/Apps/DataAcces/DALClubEscala
		SccLocalPath11 = Resources\\Apps\\DataAcces\\DALClubEscala
		SccProjectUniqueName12 = Resources\\Apps\\DataAcces\\DALCortador\\DALEventos.csproj
		SccProjectTopLevelParentUniqueName12 = CentralAdministrativa.sln
		SccProjectName12 = Resources/Apps/DataAcces/DALCortador
		SccLocalPath12 = Resources\\Apps\\DataAcces\\DALCortador
		SccProjectUniqueName13 = Resources\\Apps\\DataAcces\\DALOperadoraTAE\\DALOperadoraWeb.csproj
		SccProjectTopLevelParentUniqueName13 = CentralAdministrativa.sln
		SccProjectName13 = Resources/Apps/DataAcces/DALOperadoraTAE
		SccLocalPath13 = Resources\\Apps\\DataAcces\\DALOperadoraTAE
		SccProjectUniqueName14 = Resources\\Apps\\DataAcces\\DALPuntoVentaWeb\\DALPuntoVentaWeb.csproj
		SccProjectTopLevelParentUniqueName14 = CentralAdministrativa.sln
		SccProjectName14 = Resources/Apps/DataAcces/DALPuntoVentaWeb
		SccLocalPath14 = Resources\\Apps\\DataAcces\\DALPuntoVentaWeb
		SccProjectUniqueName15 = CentralAdministrativa\\Core\\CentralAdministrativa.csproj
		SccProjectTopLevelParentUniqueName15 = CentralAdministrativa.sln
		SccProjectName15 = Resources/Apps/DataAcces/DALPuntoVentaWeb
		SccLocalPath15 = Resources\\Apps\\DataAcces\\DALPuntoVentaWeb
		SccProjectUniqueName16 = CentralAdministrativa\\Core\\CentralAdministrativa.csproj
		SccProjectTopLevelParentUniqueName16 = CentralAdministrativa.sln
		SccProjectName16 = CentralAdministrativa/Core
		SccLocalPath16 = CentralAdministrativa\\Core
		SccProjectUniqueName17 = CentralAdministrativa\\Core\\Apps\\Certificados\\Certificados.csproj
		SccProjectTopLevelParentUniqueName17 = CentralAdministrativa.sln
		SccProjectName17 = CentralAdministrativa/Core/Apps/ClubEscala
		SccLocalPath17 = CentralAdministrativa\\Core\\Apps\\ClubEscala
		SccProjectUniqueName18 = CentralAdministrativa\\Core\\Apps\\Cortador\\Eventos.csproj
		SccProjectTopLevelParentUniqueName18 = CentralAdministrativa.sln
		SccProjectName18 = CentralAdministrativa/Core/Apps/Cortador
		SccLocalPath18 = CentralAdministrativa\\Core\\Apps\\Cortador
		SccProjectUniqueName19 = CentralAdministrativa\\Core\\Apps\\Empresarial\\Empresarial.csproj
		SccProjectTopLevelParentUniqueName19 = CentralAdministrativa.sln
		SccProjectName19 = CentralAdministrativa/Core/Apps/Empresarial
		SccLocalPath19 = CentralAdministrativa\\Core\\Apps\\Empresarial
		SccProjectUniqueName20 = CentralAdministrativa\\Core\\Apps\\Usuarios\\Usuarios.csproj
		SccProjectTopLevelParentUniqueName20 = CentralAdministrativa.sln
		SccProjectName20 = CentralAdministrativa/Core/Apps/Usuarios
		SccLocalPath20 = CentralAdministrativa\\Core\\Apps\\Usuarios
		SccProjectUniqueName21 = CentralAdministrativa\\Core\\Apps\\OperadoraWeb\\OperadoraWeb.csproj
		SccProjectTopLevelParentUniqueName21 = CentralAdministrativa.sln
		SccProjectName21 = CentralAdministrativa/Core/Apps/OperadoraWeb
		SccLocalPath21 = CentralAdministrativa\\Core\\Apps\\OperadoraWeb
		SccProjectUniqueName22 = CentralAdministrativa\\Core\\Apps\\PuntoVenta\\PuntoVenta.csproj
		SccProjectTopLevelParentUniqueName22 = CentralAdministrativa.sln
		SccProjectName22 = CentralAdministrativa/Core/Apps/PuntoVenta
		SccLocalPath22 = CentralAdministrativa\\Core\\Apps\\PuntoVenta
		SccProjectUniqueName23 = Resources\\Apps\\DataAcces\\DALLealtad\\DALLealtad.csproj
		SccProjectTopLevelParentUniqueName23 = CentralAdministrativa.sln
		SccProjectName23 = Resources/Apps/DataAcces/DALLealtad
		SccLocalPath23 = Resources\\Apps\\DataAcces\\DALLealtad
		SccProjectUniqueName24 = CentralAdministrativa\\Core\\Apps\\Lealtad\\Lealtad.csproj
		SccProjectTopLevelParentUniqueName24 = CentralAdministrativa.sln
		SccProjectName24 = CentralAdministrativa/Core/Apps/Lealtad
		SccLocalPath24 = CentralAdministrativa\\Core\\Apps\\Lealtad
		SccProjectUniqueName25 = CentralAdministrativa\\Core\\Apps\\Facturas\\Facturas.csproj
		SccProjectTopLevelParentUniqueName25 = CentralAdministrativa.sln
		SccProjectName25 = CentralAdministrativa/Core/Apps/Facturas
		SccLocalPath25 = CentralAdministrativa\\Core\\Apps\\Facturas
		SccProjectUniqueName26 = Resources\\Apps\\DataAcces\\DALCentralMovil\\DALCentralMovil.csproj
		SccProjectTopLevelParentUniqueName26 = CentralAdministrativa.sln
		SccProjectName26 = Resources/Apps/DataAcces/DALCentralMovil
		SccLocalPath26 = Resources\\Apps\\DataAcces\\DALCentralMovil
		SccProjectUniqueName27 = CentralAdministrativa\\Core\\Apps\\CentralMovil\\CentralMovil.csproj
		SccProjectTopLevelParentUniqueName27 = CentralAdministrativa.sln
		SccProjectName27 = CentralAdministrativa/Core/Apps/CentralMovil
		SccLocalPath27 = CentralAdministrativa\\Core\\Apps\\CentralMovil
		SccProjectUniqueName28 = CentralAdministrativa\\Core\\Apps\\ValidacionesBatch\\ValidacionesBatch.csproj
		SccProjectTopLevelParentUniqueName28 = CentralAdministrativa.sln
		SccProjectName28 = CentralAdministrativa/Core/Apps/ValidacionesBatch
		SccLocalPath28 = CentralAdministrativa\\Core\\Apps\\ValidacionesBatch
		SccProjectUniqueName29 = Resources\\Apps\\DataAcces\\DALLoyalty\\DALCentroContacto.csproj
		SccProjectTopLevelParentUniqueName29 = CentralAdministrativa.sln
		SccProjectName29 = CentralAdministrativa/Core/Apps/CentralMovil
		SccLocalPath29 = CentralAdministrativa\\Core\\Apps\\CentralMovil
		SccProjectUniqueName30 = CentralAdministrativa\\Core\\Apps\\ValidacionesBatch\\ValidacionesBatch.csproj
		SccProjectTopLevelParentUniqueName30 = CentralAdministrativa.sln
		SccProjectName30 = CentralAdministrativa/Core/Apps/Loyalty
		SccLocalPath30 = CentralAdministrativa\\Core\\Apps\\Loyalty
		SccProjectUniqueName31 = CentralAdministrativa\\Core\\Apps\\Aclaraciones\\Aclaraciones.csproj
		SccProjectTopLevelParentUniqueName31 = CentralAdministrativa.sln
		SccProjectName31 = Resources/Apps/DataAcces/DALAclaraciones
		SccLocalPath31 = Resources\\Apps\\DataAcces\\DALAclaraciones
		SccProjectUniqueName32 = CentralAdministrativa\\Core\\Apps\\Aclaraciones\\Aclaraciones.csproj
		SccProjectTopLevelParentUniqueName32 = CentralAdministrativa.sln
		SccProjectName32 = Resources/Apps/DataAcces/DALAclaraciones
		SccLocalPath32 = Resources\\Apps\\DataAcces\\DALAclaraciones
	EndGlobalSection
	GlobalSection(TeamFoundationVersionControl) = preSolution
		SccNumberOfProjects = 31
		SccEnterpriseProvider = {4CA58AB2-18FA-4F8D-95D4-32DDF27D184C}
		SccTeamFoundationServer = http://64.34.163.109:9090/tfs/dnu_centraladministrativa
		SccLocalPath0 = .
		SccProjectUniqueName1 = CentralAdministrativa\\Core\\Apps\\Cajero\\Cajero.csproj
		SccProjectTopLevelParentUniqueName1 = CentralAdministrativa.sln
		SccProjectName1 = CentralAdministrativa/Core/Apps/Cajero
		SccLocalPath1 = CentralAdministrativa\\Core\\Apps\\Cajero
		SccProjectUniqueName2 = CentralAdministrativa\\Core\\Apps\\CentralMovil\\CentralMovil.csproj
		SccProjectTopLevelParentUniqueName2 = CentralAdministrativa.sln
		SccProjectName2 = CentralAdministrativa/Core/Apps/CentralMovil
		SccLocalPath2 = CentralAdministrativa\\Core\\Apps\\CentralMovil
		SccProjectUniqueName3 = CentralAdministrativa\\Core\\Apps\\Certificados\\Certificados.csproj
		SccProjectTopLevelParentUniqueName3 = CentralAdministrativa.sln
		SccProjectName3 = CentralAdministrativa/Core/Apps/Certificados
		SccLocalPath3 = CentralAdministrativa\\Core\\Apps\\Certificados
		SccProjectUniqueName4 = CentralAdministrativa\\Core\\Apps\\ClubEscala\\ClubEscala.csproj
		SccProjectTopLevelParentUniqueName4 = CentralAdministrativa.sln
		SccProjectName4 = CentralAdministrativa/Core/Apps/ClubEscala
		SccLocalPath4 = CentralAdministrativa\\Core\\Apps\\ClubEscala
		SccProjectUniqueName5 = CentralAdministrativa\\Core\\Apps\\Cortador\\Eventos.csproj
		SccProjectTopLevelParentUniqueName5 = CentralAdministrativa.sln
		SccProjectName5 = CentralAdministrativa/Core/Apps/Cortador
		SccLocalPath5 = CentralAdministrativa\\Core\\Apps\\Cortador
		SccProjectUniqueName6 = CentralAdministrativa\\Core\\Apps\\Empresarial\\Empresarial.csproj
		SccProjectTopLevelParentUniqueName6 = CentralAdministrativa.sln
		SccProjectName6 = CentralAdministrativa/Core/Apps/Empresarial
		SccLocalPath6 = CentralAdministrativa\\Core\\Apps\\Empresarial
		SccProjectUniqueName7 = CentralAdministrativa\\Core\\Apps\\Facturas\\Facturas.csproj
		SccProjectTopLevelParentUniqueName7 = CentralAdministrativa.sln
		SccProjectName7 = CentralAdministrativa/Core/Apps/Facturas
		SccLocalPath7 = CentralAdministrativa\\Core\\Apps\\Facturas
		SccProjectUniqueName8 = CentralAdministrativa\\Core\\Apps\\Lealtad\\Lealtad.csproj
		SccProjectTopLevelParentUniqueName8 = CentralAdministrativa.sln
		SccProjectName8 = CentralAdministrativa/Core/Apps/Lealtad
		SccLocalPath8 = CentralAdministrativa\\Core\\Apps\\Lealtad
		SccProjectUniqueName9 = CentralAdministrativa\\Core\\Apps\\OperadoraWeb\\OperadoraWeb.csproj
		SccProjectTopLevelParentUniqueName9 = CentralAdministrativa.sln
		SccProjectName9 = CentralAdministrativa/Core/Apps/OperadoraWeb
		SccLocalPath9 = CentralAdministrativa\\Core\\Apps\\OperadoraWeb
		SccProjectUniqueName10 = CentralAdministrativa\\Core\\Apps\\PuntoVenta\\PuntoVenta.csproj
		SccProjectTopLevelParentUniqueName10 = CentralAdministrativa.sln
		SccProjectName10 = CentralAdministrativa/Core/Apps/PuntoVenta
		SccLocalPath10 = CentralAdministrativa\\Core\\Apps\\PuntoVenta
		SccProjectUniqueName11 = CentralAdministrativa\\Core\\Apps\\Usuarios\\Usuarios.csproj
		SccProjectTopLevelParentUniqueName11 = CentralAdministrativa.sln
		SccProjectName11 = CentralAdministrativa/Core/Apps/Usuarios
		SccLocalPath11 = CentralAdministrativa\\Core\\Apps\\Usuarios
		SccProjectUniqueName12 = CentralAdministrativa\\Core\\Apps\\ValidacionesBatch\\ValidacionesBatch.csproj
		SccProjectTopLevelParentUniqueName12 = CentralAdministrativa.sln
		SccProjectName12 = CentralAdministrativa/Core/Apps/ValidacionesBatch
		SccLocalPath12 = CentralAdministrativa\\Core\\Apps\\ValidacionesBatch
		SccProjectUniqueName13 = CentralAdministrativa\\Core\\CentralAdministrativa.csproj
		SccProjectTopLevelParentUniqueName13 = CentralAdministrativa.sln
		SccProjectName13 = CentralAdministrativa/Core
		SccLocalPath13 = CentralAdministrativa\\Core
		SccProjectUniqueName14 = Resources\\Apps\\DataAcces\\DALAutorizador\\DALAutorizador.csproj
		SccProjectTopLevelParentUniqueName14 = CentralAdministrativa.sln
		SccProjectName14 = Resources/Apps/DataAcces/DALAutorizador
		SccLocalPath14 = Resources\\Apps\\DataAcces\\DALAutorizador
		SccProjectUniqueName15 = Resources\\Apps\\DataAcces\\DALCajero\\DALCajero.csproj
		SccProjectTopLevelParentUniqueName15 = CentralAdministrativa.sln
		SccProjectName15 = Resources/Apps/DataAcces/DALCajero
		SccLocalPath15 = Resources\\Apps\\DataAcces\\DALCajero
		SccProjectUniqueName16 = Resources\\Apps\\DataAcces\\DALCentralAdministrativa\\DALCentralAplicaciones.csproj
		SccProjectTopLevelParentUniqueName16 = CentralAdministrativa.sln
		SccProjectName16 = Resources/Apps/DataAcces/DALCentralAdministrativa
		SccLocalPath16 = Resources\\Apps\\DataAcces\\DALCentralAdministrativa
		SccProjectUniqueName17 = Resources\\Apps\\DataAcces\\DALCentralMovil\\DALCentralMovil.csproj
		SccProjectTopLevelParentUniqueName17 = CentralAdministrativa.sln
		SccProjectName17 = Resources/Apps/DataAcces/DALCentralMovil
		SccLocalPath17 = Resources\\Apps\\DataAcces\\DALCentralMovil
		SccProjectUniqueName18 = Resources\\Apps\\DataAcces\\DALCertificados\\DALCertificados.csproj
		SccProjectTopLevelParentUniqueName18 = CentralAdministrativa.sln
		SccProjectName18 = Resources/Apps/DataAcces/DALCertificados
		SccLocalPath18 = Resources\\Apps\\DataAcces\\DALCertificados
		SccProjectUniqueName19 = Resources\\Apps\\DataAcces\\DALClubEscala\\DALClubEscala.csproj
		SccProjectTopLevelParentUniqueName19 = CentralAdministrativa.sln
		SccProjectName19 = Resources/Apps/DataAcces/DALClubEscala
		SccLocalPath19 = Resources\\Apps\\DataAcces\\DALClubEscala
		SccProjectUniqueName20 = Resources\\Apps\\DataAcces\\DALCortador\\DALEventos.csproj
		SccProjectTopLevelParentUniqueName20 = CentralAdministrativa.sln
		SccProjectName20 = Resources/Apps/DataAcces/DALCortador
		SccLocalPath20 = Resources\\Apps\\DataAcces\\DALCortador
		SccProjectUniqueName21 = Resources\\Apps\\DataAcces\\DALLealtad\\DALLealtad.csproj
		SccProjectTopLevelParentUniqueName21 = CentralAdministrativa.sln
		SccProjectName21 = Resources/Apps/DataAcces/DALLealtad
		SccLocalPath21 = Resources\\Apps\\DataAcces\\DALLealtad
		SccProjectUniqueName22 = Resources\\Apps\\DataAcces\\DALOperadoraTAE\\DALOperadoraWeb.csproj
		SccProjectTopLevelParentUniqueName22 = CentralAdministrativa.sln
		SccProjectName22 = Resources/Apps/DataAcces/DALOperadoraTAE
		SccLocalPath22 = Resources\\Apps\\DataAcces\\DALOperadoraTAE
		SccProjectUniqueName23 = Resources\\Apps\\DataAcces\\DALPuntoVentaWeb\\DALPuntoVentaWeb.csproj
		SccProjectTopLevelParentUniqueName23 = CentralAdministrativa.sln
		SccProjectName23 = Resources/Apps/DataAcces/DALPuntoVentaWeb
		SccLocalPath23 = Resources\\Apps\\DataAcces\\DALPuntoVentaWeb
		SccProjectUniqueName24 = Resources\\Apps\\DataAcces\\HSM\\HSM.csproj
		SccProjectTopLevelParentUniqueName24 = CentralAdministrativa.sln
		SccProjectName24 = Resources/Apps/DataAcces/HSM
		SccLocalPath24 = Resources\\Apps\\DataAcces\\HSM
		SccProjectUniqueName25 = Resources\\Apps\\Interfases\\Interfases\\Interfases.csproj
		SccProjectTopLevelParentUniqueName25 = CentralAdministrativa.sln
		SccProjectName25 = Resources/Apps/Interfases/Interfases
		SccLocalPath25 = Resources\\Apps\\Interfases\\Interfases
		SccProjectUniqueName26 = Framework\\Framework.csproj
		SccProjectTopLevelParentUniqueName26 = CentralAdministrativa.sln
		SccProjectName26 = Framework
		SccLocalPath26 = Framework
		SccProjectUniqueName27 = mensajeria\\Mensajeria.csproj
		SccProjectTopLevelParentUniqueName27 = CentralAdministrativa.sln
		SccProjectName27 = mensajeria
		SccLocalPath27 = mensajeria
		SccProjectUniqueName28 = Resources\\Apps\\Common\\Executer\\Executer.csproj
		SccProjectTopLevelParentUniqueName28 = CentralAdministrativa.sln
		SccProjectName28 = mensajeria
		SccLocalPath28 = ..\\SitiosDeVentas\\FreezeCodeDLL\\mensajeria
	EndGlobalSection
EndGlobal
